{
  "version": 4,
  "terraform_version": "1.8.1",
  "serial": 186,
  "lineage": "2ba0e800-8b62-5389-300f-133ef0fccf96",
  "outputs": {},
  "resources": [
    {
      "mode": "data",
      "type": "archive_file",
      "name": "natgw_start",
      "provider": "provider[\"registry.terraform.io/hashicorp/archive\"]",
      "instances": [
        {
          "schema_version": 0,
          "attributes": {
            "exclude_symlink_directories": null,
            "excludes": null,
            "id": "5e241eb67a28477d9ae7e357f8ccf8dd7c4b06ad",
            "output_base64sha256": "fz/VewRqqWMQsOdQyIpjR/34pj85z2/VQzcitD90UGs=",
            "output_base64sha512": "qsfYU1cULqivYdk9r/ZgLlockyeyVIy+om8ARB6qs3WgZ1YCRVdvlO4G1CZjne5icdsJ3LZRM3gXnltRG1nd8A==",
            "output_file_mode": null,
            "output_md5": "c1dffc2001da34bf3337c30a042f193b",
            "output_path": "lambda/natgw_start/src/test_terraform.zip",
            "output_sha": "5e241eb67a28477d9ae7e357f8ccf8dd7c4b06ad",
            "output_sha256": "7f3fd57b046aa96310b0e750c88a6347fdf8a63f39cf6fd5433722b43f74506b",
            "output_sha512": "aac7d85357142ea8af61d93daff6602e5a1c9327b2548cbea26f00441eaab375a067560245576f94ee06d426639dee6271db09dcb6513378179e5b511b59ddf0",
            "output_size": 884,
            "source": [],
            "source_content": null,
            "source_content_filename": null,
            "source_dir": "lambda_function/natgw_start/src",
            "source_file": null,
            "type": "zip"
          },
          "sensitive_attributes": []
        }
      ]
    },
    {
      "mode": "data",
      "type": "archive_file",
      "name": "natgw_stop",
      "provider": "provider[\"registry.terraform.io/hashicorp/archive\"]",
      "instances": [
        {
          "schema_version": 0,
          "attributes": {
            "exclude_symlink_directories": null,
            "excludes": null,
            "id": "2c961cdff1592f86a9c77ab22333dbe4893f8fbf",
            "output_base64sha256": "TSuHewOz/sIUUzMghZPB4g6rBLFpRD+B4zq7i8ai5sY=",
            "output_base64sha512": "ZlXERV4v260xjpQgfVLHA0K5N+F3Nohp3ww8PnnTL5IFcW+sn1zu50sWPG1xFnvKKdvvMyyVGas36JCWXqsgOw==",
            "output_file_mode": null,
            "output_md5": "87a8924e3066eedd4ca1c500c8163587",
            "output_path": "lambda/natgw_stop/src/natgw_stop_terraform.zip",
            "output_sha": "2c961cdff1592f86a9c77ab22333dbe4893f8fbf",
            "output_sha256": "4d2b877b03b3fec2145333208593c1e20eab04b169443f81e33abb8bc6a2e6c6",
            "output_sha512": "6655c4455e2fdbad318e94207d52c70342b937e177368869df0c3c3e79d32f9205716fac9f5ceee74b163c6d71167bca29dbef332c9519ab37e890965eab203b",
            "output_size": 769,
            "source": [],
            "source_content": null,
            "source_content_filename": null,
            "source_dir": "lambda_function/natgw_stop/src",
            "source_file": null,
            "type": "zip"
          },
          "sensitive_attributes": []
        }
      ]
    },
    {
      "mode": "data",
      "type": "aws_ssm_parameter",
      "name": "rails_master_key",
      "provider": "provider[\"registry.terraform.io/hashicorp/aws\"]",
      "instances": [
        {
          "schema_version": 0,
          "attributes": {
            "arn": "arn:aws:ssm:ap-northeast-1:730335441282:parameter/ass-staging/rails-master-key",
            "id": "/ass-staging/rails-master-key",
            "name": "/ass-staging/rails-master-key",
            "type": "SecureString",
            "value": "6f92242dd1a54440c6d6e7e3b50a537a",
            "version": 1,
            "with_decryption": true
          },
          "sensitive_attributes": [
            [
              {
                "type": "get_attr",
                "value": "value"
              }
            ]
          ]
        }
      ]
    },
    {
      "mode": "managed",
      "type": "aws_iam_policy",
      "name": "lambda_policy",
      "provider": "provider[\"registry.terraform.io/hashicorp/aws\"]",
      "instances": [
        {
          "schema_version": 0,
          "attributes": {
            "arn": "arn:aws:iam::730335441282:policy/ass-lambda-policy",
            "description": "",
            "id": "arn:aws:iam::730335441282:policy/ass-lambda-policy",
            "name": "ass-lambda-policy",
            "name_prefix": "",
            "path": "/",
            "policy": "{\"Statement\":[{\"Action\":[\"logs:*\",\"ec2:*\",\"lambda:*\"],\"Effect\":\"Allow\",\"Resource\":\"*\",\"Sid\":\"LambdaExec\"}],\"Version\":\"2012-10-17\"}",
            "policy_id": "ANPA2UC3COGBPKDO3KVTW",
            "tags": {},
            "tags_all": {}
          },
          "sensitive_attributes": [],
          "private": "bnVsbA=="
        }
      ]
    },
    {
      "mode": "managed",
      "type": "aws_iam_role",
      "name": "lambda_role",
      "provider": "provider[\"registry.terraform.io/hashicorp/aws\"]",
      "instances": [
        {
          "schema_version": 0,
          "attributes": {
            "arn": "arn:aws:iam::730335441282:role/ass-lambda-role",
            "assume_role_policy": "{\"Statement\":[{\"Action\":\"sts:AssumeRole\",\"Effect\":\"Allow\",\"Principal\":{\"Service\":[\"lambda.amazonaws.com\"]}}],\"Version\":\"2012-10-17\"}",
            "create_date": "2024-07-06T03:27:45Z",
            "description": "",
            "force_detach_policies": false,
            "id": "ass-lambda-role",
            "inline_policy": [],
            "managed_policy_arns": [
              "arn:aws:iam::730335441282:policy/ass-lambda-policy"
            ],
            "max_session_duration": 3600,
            "name": "ass-lambda-role",
            "name_prefix": "",
            "path": "/",
            "permissions_boundary": null,
            "role_last_used": [
              {
                "last_used_date": "2024-07-21T07:18:33Z",
                "region": "ap-northeast-1"
              }
            ],
            "tags": {},
            "tags_all": {},
            "unique_id": "AROA2UC3COGBPYZJEWMMQ"
          },
          "sensitive_attributes": [],
          "private": "bnVsbA=="
        }
      ]
    },
    {
      "mode": "managed",
      "type": "aws_iam_role",
      "name": "scheduler_assume_role",
      "provider": "provider[\"registry.terraform.io/hashicorp/aws\"]",
      "instances": [
        {
          "schema_version": 0,
          "attributes": {
            "arn": "arn:aws:iam::730335441282:role/ass-lambda-scheduler-assume-role",
            "assume_role_policy": "{\"Statement\":[{\"Action\":\"sts:AssumeRole\",\"Effect\":\"Allow\",\"Principal\":{\"Service\":[\"scheduler.amazonaws.com\"]}}],\"Version\":\"2012-10-17\"}",
            "create_date": "2024-07-07T08:43:21Z",
            "description": "",
            "force_detach_policies": false,
            "id": "ass-lambda-scheduler-assume-role",
            "inline_policy": [],
            "managed_policy_arns": [],
            "max_session_duration": 3600,
            "name": "ass-lambda-scheduler-assume-role",
            "name_prefix": "",
            "path": "/",
            "permissions_boundary": null,
            "role_last_used": [
              {
                "last_used_date": "",
                "region": ""
              }
            ],
            "tags": {},
            "tags_all": {},
            "unique_id": "AROA2UC3COGBDJ3Q7Z5OO"
          },
          "sensitive_attributes": [],
          "private": "bnVsbA=="
        }
      ]
    },
    {
      "mode": "managed",
      "type": "aws_iam_role_policy_attachment",
      "name": "name",
      "provider": "provider[\"registry.terraform.io/hashicorp/aws\"]",
      "instances": [
        {
          "schema_version": 0,
          "attributes": {
            "id": "ass-lambda-role-20240706032746771800000001",
            "policy_arn": "arn:aws:iam::730335441282:policy/ass-lambda-policy",
            "role": "ass-lambda-role"
          },
          "sensitive_attributes": [],
          "private": "bnVsbA==",
          "dependencies": [
            "aws_iam_policy.lambda_policy",
            "aws_iam_role.lambda_role"
          ]
        }
      ]
    },
    {
      "module": "module.alb_stg",
      "mode": "data",
      "type": "aws_elb_service_account",
      "name": "main",
      "provider": "provider[\"registry.terraform.io/hashicorp/aws\"]",
      "instances": [
        {
          "schema_version": 0,
          "attributes": {
            "arn": "arn:aws:iam::582318560864:root",
            "id": "582318560864",
            "region": null
          },
          "sensitive_attributes": []
        }
      ]
    },
    {
      "module": "module.alb_stg",
      "mode": "data",
      "type": "aws_iam_policy_document",
      "name": "alb_log",
      "provider": "provider[\"registry.terraform.io/hashicorp/aws\"]",
      "instances": [
        {
          "schema_version": 0,
          "attributes": {
            "id": "2837632478",
            "json": "{\n  \"Version\": \"2012-10-17\",\n  \"Statement\": [\n    {\n      \"Sid\": \"\",\n      \"Effect\": \"Allow\",\n      \"Action\": \"s3:PutObject\",\n      \"Resource\": \"arn:aws:s3:::ass-alb-log-staging/*\",\n      \"Principal\": {\n        \"AWS\": \"arn:aws:iam::582318560864:root\"\n      }\n    }\n  ]\n}",
            "override_json": null,
            "override_policy_documents": null,
            "policy_id": null,
            "source_json": null,
            "source_policy_documents": null,
            "statement": [
              {
                "actions": [
                  "s3:PutObject"
                ],
                "condition": [],
                "effect": "Allow",
                "not_actions": [],
                "not_principals": [],
                "not_resources": [],
                "principals": [
                  {
                    "identifiers": [
                      "arn:aws:iam::582318560864:root"
                    ],
                    "type": "AWS"
                  }
                ],
                "resources": [
                  "arn:aws:s3:::ass-alb-log-staging/*"
                ],
                "sid": ""
              }
            ],
            "version": "2012-10-17"
          },
          "sensitive_attributes": []
        }
      ]
    },
    {
      "module": "module.alb_stg",
      "mode": "managed",
      "type": "aws_lb",
      "name": "main",
      "provider": "provider[\"registry.terraform.io/hashicorp/aws\"]",
      "instances": [
        {
          "schema_version": 0,
          "attributes": {
            "access_logs": [
              {
                "bucket": "ass-alb-log-staging",
                "enabled": true,
                "prefix": ""
              }
            ],
            "arn": "arn:aws:elasticloadbalancing:ap-northeast-1:730335441282:loadbalancer/app/ass-alb-staging/f05806759728af60",
            "arn_suffix": "app/ass-alb-staging/f05806759728af60",
            "customer_owned_ipv4_pool": "",
            "desync_mitigation_mode": "defensive",
            "dns_name": "ass-alb-staging-1161154601.ap-northeast-1.elb.amazonaws.com",
            "drop_invalid_header_fields": false,
            "enable_cross_zone_load_balancing": true,
            "enable_deletion_protection": false,
            "enable_http2": true,
            "enable_tls_version_and_cipher_suite_headers": false,
            "enable_waf_fail_open": false,
            "enable_xff_client_port": false,
            "id": "arn:aws:elasticloadbalancing:ap-northeast-1:730335441282:loadbalancer/app/ass-alb-staging/f05806759728af60",
            "idle_timeout": 60,
            "internal": false,
            "ip_address_type": "ipv4",
            "load_balancer_type": "application",
            "name": "ass-alb-staging",
            "name_prefix": null,
            "preserve_host_header": false,
            "security_groups": [
              "sg-00fc12cf89682896c",
              "sg-0162dbf7c463bf011",
              "sg-0eeb56ff95d390638"
            ],
            "subnet_mapping": [
              {
                "allocation_id": "",
                "ipv6_address": "",
                "outpost_id": "",
                "private_ipv4_address": "",
                "subnet_id": "subnet-02e9079cab760dce6"
              },
              {
                "allocation_id": "",
                "ipv6_address": "",
                "outpost_id": "",
                "private_ipv4_address": "",
                "subnet_id": "subnet-0eb57e4fa39609973"
              }
            ],
            "subnets": [
              "subnet-02e9079cab760dce6",
              "subnet-0eb57e4fa39609973"
            ],
            "tags": {},
            "tags_all": {},
            "timeouts": null,
            "vpc_id": "vpc-0c5d0041a8f0d951a",
            "xff_header_processing_mode": "append",
            "zone_id": "Z14GRHDCWA56QT"
          },
          "sensitive_attributes": [],
          "private": "eyJlMmJmYjczMC1lY2FhLTExZTYtOGY4OC0zNDM2M2JjN2M0YzAiOnsiY3JlYXRlIjo2MDAwMDAwMDAwMDAsImRlbGV0ZSI6NjAwMDAwMDAwMDAwLCJ1cGRhdGUiOjYwMDAwMDAwMDAwMH19",
          "dependencies": [
            "module.alb_stg.aws_s3_bucket.alb_log_stg",
            "module.alb_stg.module.http_redirect_security_group.aws_security_group.main",
            "module.alb_stg.module.http_security_group.aws_security_group.main",
            "module.alb_stg.module.https_security_group.aws_security_group.main",
            "module.ass_sbunet_stg.aws_subnet.public-subnet",
            "module.ass_vpc_stg.aws_vpc.main"
          ]
        }
      ]
    },
    {
      "module": "module.alb_stg",
      "mode": "managed",
      "type": "aws_lb_listener",
      "name": "http",
      "provider": "provider[\"registry.terraform.io/hashicorp/aws\"]",
      "instances": [
        {
          "schema_version": 0,
          "attributes": {
            "alpn_policy": null,
            "arn": "arn:aws:elasticloadbalancing:ap-northeast-1:730335441282:listener/app/ass-alb-staging/f05806759728af60/6d5c790028196903",
            "certificate_arn": null,
            "default_action": [
              {
                "authenticate_cognito": [],
                "authenticate_oidc": [],
                "fixed_response": [],
                "forward": [],
                "order": 1,
                "redirect": [
                  {
                    "host": "#{host}",
                    "path": "/*",
                    "port": "443",
                    "protocol": "HTTPS",
                    "query": "#{query}",
                    "status_code": "HTTP_301"
                  }
                ],
                "target_group_arn": "",
                "type": "redirect"
              }
            ],
            "id": "arn:aws:elasticloadbalancing:ap-northeast-1:730335441282:listener/app/ass-alb-staging/f05806759728af60/6d5c790028196903",
            "load_balancer_arn": "arn:aws:elasticloadbalancing:ap-northeast-1:730335441282:loadbalancer/app/ass-alb-staging/f05806759728af60",
            "port": 80,
            "protocol": "HTTP",
            "ssl_policy": "",
            "tags": {},
            "tags_all": {},
            "timeouts": null
          },
          "sensitive_attributes": [],
          "private": "eyJlMmJmYjczMC1lY2FhLTExZTYtOGY4OC0zNDM2M2JjN2M0YzAiOnsicmVhZCI6NjAwMDAwMDAwMDAwfX0=",
          "dependencies": [
            "module.alb_stg.aws_lb.main",
            "module.alb_stg.aws_s3_bucket.alb_log_stg",
            "module.alb_stg.module.http_redirect_security_group.aws_security_group.main",
            "module.alb_stg.module.http_security_group.aws_security_group.main",
            "module.alb_stg.module.https_security_group.aws_security_group.main",
            "module.ass_sbunet_stg.aws_subnet.public-subnet",
            "module.ass_vpc_stg.aws_vpc.main"
          ]
        }
      ]
    },
    {
      "module": "module.alb_stg",
      "mode": "managed",
      "type": "aws_lb_listener_rule",
      "name": "http",
      "provider": "provider[\"registry.terraform.io/hashicorp/aws\"]",
      "instances": [
        {
          "schema_version": 0,
          "attributes": {
            "action": [
              {
                "authenticate_cognito": [],
                "authenticate_oidc": [],
                "fixed_response": [],
                "forward": [],
                "order": 1,
                "redirect": [],
                "target_group_arn": "arn:aws:elasticloadbalancing:ap-northeast-1:730335441282:targetgroup/ass-target-staging/d291ed2d262aadf2",
                "type": "forward"
              }
            ],
            "arn": "arn:aws:elasticloadbalancing:ap-northeast-1:730335441282:listener-rule/app/ass-alb-staging/f05806759728af60/6d5c790028196903/5df119ade5c8b9bb",
            "condition": [
              {
                "host_header": [],
                "http_header": [],
                "http_request_method": [],
                "path_pattern": [
                  {
                    "values": [
                      "/*"
                    ]
                  }
                ],
                "query_string": [],
                "source_ip": []
              }
            ],
            "id": "arn:aws:elasticloadbalancing:ap-northeast-1:730335441282:listener-rule/app/ass-alb-staging/f05806759728af60/6d5c790028196903/5df119ade5c8b9bb",
            "listener_arn": "arn:aws:elasticloadbalancing:ap-northeast-1:730335441282:listener/app/ass-alb-staging/f05806759728af60/6d5c790028196903",
            "priority": 100,
            "tags": {},
            "tags_all": {}
          },
          "sensitive_attributes": [],
          "private": "bnVsbA==",
          "dependencies": [
            "module.alb_stg.aws_lb.main",
            "module.alb_stg.aws_lb_listener.http",
            "module.alb_stg.aws_lb_target_group.main",
            "module.alb_stg.aws_s3_bucket.alb_log_stg",
            "module.alb_stg.module.http_redirect_security_group.aws_security_group.main",
            "module.alb_stg.module.http_security_group.aws_security_group.main",
            "module.alb_stg.module.https_security_group.aws_security_group.main",
            "module.ass_sbunet_stg.aws_subnet.public-subnet",
            "module.ass_vpc_stg.aws_vpc.main"
          ]
        }
      ]
    },
    {
      "module": "module.alb_stg",
      "mode": "managed",
      "type": "aws_lb_target_group",
      "name": "main",
      "provider": "provider[\"registry.terraform.io/hashicorp/aws\"]",
      "instances": [
        {
          "schema_version": 0,
          "attributes": {
            "arn": "arn:aws:elasticloadbalancing:ap-northeast-1:730335441282:targetgroup/ass-target-staging/d291ed2d262aadf2",
            "arn_suffix": "targetgroup/ass-target-staging/d291ed2d262aadf2",
            "connection_termination": false,
            "deregistration_delay": "300",
            "health_check": [
              {
                "enabled": true,
                "healthy_threshold": 5,
                "interval": 300,
                "matcher": "200",
                "path": "/api/v1/health_check",
                "port": "traffic-port",
                "protocol": "HTTP",
                "timeout": 5,
                "unhealthy_threshold": 2
              }
            ],
            "id": "arn:aws:elasticloadbalancing:ap-northeast-1:730335441282:targetgroup/ass-target-staging/d291ed2d262aadf2",
            "ip_address_type": "ipv4",
            "lambda_multi_value_headers_enabled": false,
            "load_balancing_algorithm_type": "round_robin",
            "load_balancing_cross_zone_enabled": "use_load_balancer_configuration",
            "name": "ass-target-staging",
            "name_prefix": null,
            "port": 80,
            "preserve_client_ip": null,
            "protocol": "HTTP",
            "protocol_version": "HTTP1",
            "proxy_protocol_v2": false,
            "slow_start": 0,
            "stickiness": [
              {
                "cookie_duration": 86400,
                "cookie_name": "",
                "enabled": false,
                "type": "lb_cookie"
              }
            ],
            "tags": {},
            "tags_all": {},
            "target_failover": [
              {
                "on_deregistration": null,
                "on_unhealthy": null
              }
            ],
            "target_type": "ip",
            "vpc_id": "vpc-0c5d0041a8f0d951a"
          },
          "sensitive_attributes": [],
          "private": "bnVsbA==",
          "dependencies": [
            "module.alb_stg.aws_lb.main",
            "module.alb_stg.aws_s3_bucket.alb_log_stg",
            "module.alb_stg.module.http_redirect_security_group.aws_security_group.main",
            "module.alb_stg.module.http_security_group.aws_security_group.main",
            "module.alb_stg.module.https_security_group.aws_security_group.main",
            "module.ass_sbunet_stg.aws_subnet.public-subnet",
            "module.ass_vpc_stg.aws_vpc.main"
          ]
        }
      ]
    },
    {
      "module": "module.alb_stg",
      "mode": "managed",
      "type": "aws_s3_bucket",
      "name": "alb_log_stg",
      "provider": "provider[\"registry.terraform.io/hashicorp/aws\"]",
      "instances": [
        {
          "schema_version": 0,
          "attributes": {
            "acceleration_status": "",
            "acl": null,
            "arn": "arn:aws:s3:::ass-alb-log-staging",
            "bucket": "ass-alb-log-staging",
            "bucket_domain_name": "ass-alb-log-staging.s3.amazonaws.com",
            "bucket_prefix": "",
            "bucket_regional_domain_name": "ass-alb-log-staging.s3.ap-northeast-1.amazonaws.com",
            "cors_rule": [],
            "force_destroy": false,
            "grant": [
              {
                "id": "1a0edd7f8d4cd264a7070e2c40cf0d015b517c09d744f1299fc29d20cf52f8ca",
                "permissions": [
                  "FULL_CONTROL"
                ],
                "type": "CanonicalUser",
                "uri": ""
              }
            ],
            "hosted_zone_id": "Z2M4EHUR26P7ZW",
            "id": "ass-alb-log-staging",
            "lifecycle_rule": [
              {
                "abort_incomplete_multipart_upload_days": 0,
                "enabled": true,
                "expiration": [
                  {
                    "date": "",
                    "days": 90,
                    "expired_object_delete_marker": false
                  }
                ],
                "id": "ass-alb-log-staging",
                "noncurrent_version_expiration": [],
                "noncurrent_version_transition": [],
                "prefix": "logs/",
                "tags": {},
                "transition": []
              }
            ],
            "logging": [],
            "object_lock_configuration": [],
            "object_lock_enabled": false,
            "policy": "{\"Statement\":[{\"Action\":\"s3:PutObject\",\"Effect\":\"Allow\",\"Principal\":{\"AWS\":\"arn:aws:iam::582318560864:root\"},\"Resource\":\"arn:aws:s3:::ass-alb-log-staging/*\",\"Sid\":\"\"}],\"Version\":\"2012-10-17\"}",
            "region": "ap-northeast-1",
            "replication_configuration": [],
            "request_payer": "BucketOwner",
            "server_side_encryption_configuration": [
              {
                "rule": [
                  {
                    "apply_server_side_encryption_by_default": [
                      {
                        "kms_master_key_id": "",
                        "sse_algorithm": "AES256"
                      }
                    ],
                    "bucket_key_enabled": false
                  }
                ]
              }
            ],
            "tags": {},
            "tags_all": {},
            "timeouts": null,
            "versioning": [
              {
                "enabled": false,
                "mfa_delete": false
              }
            ],
            "website": [],
            "website_domain": null,
            "website_endpoint": null
          },
          "sensitive_attributes": [],
          "private": "eyJlMmJmYjczMC1lY2FhLTExZTYtOGY4OC0zNDM2M2JjN2M0YzAiOnsiY3JlYXRlIjoxMjAwMDAwMDAwMDAwLCJkZWxldGUiOjM2MDAwMDAwMDAwMDAsInJlYWQiOjEyMDAwMDAwMDAwMDAsInVwZGF0ZSI6MTIwMDAwMDAwMDAwMH19"
        }
      ]
    },
    {
      "module": "module.alb_stg",
      "mode": "managed",
      "type": "aws_s3_bucket_lifecycle_configuration",
      "name": "alb_log_stg",
      "provider": "provider[\"registry.terraform.io/hashicorp/aws\"]",
      "instances": [
        {
          "schema_version": 0,
          "attributes": {
            "bucket": "ass-alb-log-staging",
            "expected_bucket_owner": "",
            "id": "ass-alb-log-staging",
            "rule": [
              {
                "abort_incomplete_multipart_upload": [],
                "expiration": [
                  {
                    "date": "",
                    "days": 90,
                    "expired_object_delete_marker": false
                  }
                ],
                "filter": [
                  {
                    "and": [],
                    "object_size_greater_than": "",
                    "object_size_less_than": "",
                    "prefix": "logs/",
                    "tag": []
                  }
                ],
                "id": "ass-alb-log-staging",
                "noncurrent_version_expiration": [],
                "noncurrent_version_transition": [],
                "prefix": "",
                "status": "Enabled",
                "transition": []
              }
            ]
          },
          "sensitive_attributes": [],
          "private": "bnVsbA==",
          "dependencies": [
            "module.alb_stg.aws_s3_bucket.alb_log_stg"
          ]
        }
      ]
    },
    {
      "module": "module.alb_stg",
      "mode": "managed",
      "type": "aws_s3_bucket_policy",
      "name": "alb_log",
      "provider": "provider[\"registry.terraform.io/hashicorp/aws\"]",
      "instances": [
        {
          "schema_version": 0,
          "attributes": {
            "bucket": "ass-alb-log-staging",
            "id": "ass-alb-log-staging",
            "policy": "{\"Statement\":[{\"Action\":\"s3:PutObject\",\"Effect\":\"Allow\",\"Principal\":{\"AWS\":\"arn:aws:iam::582318560864:root\"},\"Resource\":\"arn:aws:s3:::ass-alb-log-staging/*\",\"Sid\":\"\"}],\"Version\":\"2012-10-17\"}"
          },
          "sensitive_attributes": [],
          "private": "bnVsbA==",
          "dependencies": [
            "module.alb_stg.aws_s3_bucket.alb_log_stg",
            "module.alb_stg.data.aws_elb_service_account.main",
            "module.alb_stg.data.aws_iam_policy_document.alb_log"
          ]
        }
      ]
    },
    {
      "module": "module.alb_stg.module.http_redirect_security_group",
      "mode": "managed",
      "type": "aws_security_group",
      "name": "main",
      "provider": "provider[\"registry.terraform.io/hashicorp/aws\"]",
      "instances": [
        {
          "schema_version": 1,
          "attributes": {
            "arn": "arn:aws:ec2:ap-northeast-1:730335441282:security-group/sg-00fc12cf89682896c",
            "description": "ass-http-redirect",
            "egress": [
              {
                "cidr_blocks": [
                  "0.0.0.0/0"
                ],
                "description": "",
                "from_port": 0,
                "ipv6_cidr_blocks": [],
                "prefix_list_ids": [],
                "protocol": "-1",
                "security_groups": [],
                "self": false,
                "to_port": 0
              }
            ],
            "id": "sg-00fc12cf89682896c",
            "ingress": [
              {
                "cidr_blocks": [
                  "0.0.0.0/0"
                ],
                "description": "",
                "from_port": 3000,
                "ipv6_cidr_blocks": [],
                "prefix_list_ids": [],
                "protocol": "tcp",
                "security_groups": [],
                "self": false,
                "to_port": 3000
              }
            ],
            "name": "ass-http-redirect",
            "name_prefix": "",
            "owner_id": "730335441282",
            "revoke_rules_on_delete": false,
            "tags": {},
            "tags_all": {},
            "timeouts": null,
            "vpc_id": "vpc-0c5d0041a8f0d951a"
          },
          "sensitive_attributes": [],
          "private": "eyJlMmJmYjczMC1lY2FhLTExZTYtOGY4OC0zNDM2M2JjN2M0YzAiOnsiY3JlYXRlIjo2MDAwMDAwMDAwMDAsImRlbGV0ZSI6OTAwMDAwMDAwMDAwfSwic2NoZW1hX3ZlcnNpb24iOiIxIn0=",
          "dependencies": [
            "module.ass_vpc_stg.aws_vpc.main"
          ]
        }
      ]
    },
    {
      "module": "module.alb_stg.module.http_redirect_security_group",
      "mode": "managed",
      "type": "aws_security_group_rule",
      "name": "egress",
      "provider": "provider[\"registry.terraform.io/hashicorp/aws\"]",
      "instances": [
        {
          "schema_version": 2,
          "attributes": {
            "cidr_blocks": [
              "0.0.0.0/0"
            ],
            "description": "",
            "from_port": 0,
            "id": "sgrule-2548264643",
            "ipv6_cidr_blocks": null,
            "prefix_list_ids": null,
            "protocol": "-1",
            "security_group_id": "sg-00fc12cf89682896c",
            "security_group_rule_id": "sgr-0cb3ee2193f5aec9d",
            "self": false,
            "source_security_group_id": null,
            "timeouts": null,
            "to_port": 0,
            "type": "egress"
          },
          "sensitive_attributes": [],
          "private": "eyJlMmJmYjczMC1lY2FhLTExZTYtOGY4OC0zNDM2M2JjN2M0YzAiOnsiY3JlYXRlIjozMDAwMDAwMDAwMDB9LCJzY2hlbWFfdmVyc2lvbiI6IjIifQ==",
          "dependencies": [
            "module.alb_stg.module.http_redirect_security_group.aws_security_group.main",
            "module.ass_vpc_stg.aws_vpc.main"
          ]
        }
      ]
    },
    {
      "module": "module.alb_stg.module.http_redirect_security_group",
      "mode": "managed",
      "type": "aws_security_group_rule",
      "name": "ingress",
      "provider": "provider[\"registry.terraform.io/hashicorp/aws\"]",
      "instances": [
        {
          "schema_version": 2,
          "attributes": {
            "cidr_blocks": [
              "0.0.0.0/0"
            ],
            "description": "",
            "from_port": 3000,
            "id": "sgrule-1474690430",
            "ipv6_cidr_blocks": null,
            "prefix_list_ids": null,
            "protocol": "tcp",
            "security_group_id": "sg-00fc12cf89682896c",
            "security_group_rule_id": "sgr-0f08bc2ceac23feb4",
            "self": false,
            "source_security_group_id": null,
            "timeouts": null,
            "to_port": 3000,
            "type": "ingress"
          },
          "sensitive_attributes": [],
          "private": "eyJlMmJmYjczMC1lY2FhLTExZTYtOGY4OC0zNDM2M2JjN2M0YzAiOnsiY3JlYXRlIjozMDAwMDAwMDAwMDB9LCJzY2hlbWFfdmVyc2lvbiI6IjIifQ==",
          "dependencies": [
            "module.alb_stg.module.http_redirect_security_group.aws_security_group.main",
            "module.ass_vpc_stg.aws_vpc.main"
          ]
        }
      ]
    },
    {
      "module": "module.alb_stg.module.http_security_group",
      "mode": "managed",
      "type": "aws_security_group",
      "name": "main",
      "provider": "provider[\"registry.terraform.io/hashicorp/aws\"]",
      "instances": [
        {
          "schema_version": 1,
          "attributes": {
            "arn": "arn:aws:ec2:ap-northeast-1:730335441282:security-group/sg-0eeb56ff95d390638",
            "description": "ass-http",
            "egress": [
              {
                "cidr_blocks": [
                  "0.0.0.0/0"
                ],
                "description": "",
                "from_port": 0,
                "ipv6_cidr_blocks": [],
                "prefix_list_ids": [],
                "protocol": "-1",
                "security_groups": [],
                "self": false,
                "to_port": 0
              }
            ],
            "id": "sg-0eeb56ff95d390638",
            "ingress": [
              {
                "cidr_blocks": [
                  "0.0.0.0/0"
                ],
                "description": "",
                "from_port": 80,
                "ipv6_cidr_blocks": [],
                "prefix_list_ids": [],
                "protocol": "tcp",
                "security_groups": [],
                "self": false,
                "to_port": 80
              }
            ],
            "name": "ass-http",
            "name_prefix": "",
            "owner_id": "730335441282",
            "revoke_rules_on_delete": false,
            "tags": {},
            "tags_all": {},
            "timeouts": null,
            "vpc_id": "vpc-0c5d0041a8f0d951a"
          },
          "sensitive_attributes": [],
          "private": "eyJlMmJmYjczMC1lY2FhLTExZTYtOGY4OC0zNDM2M2JjN2M0YzAiOnsiY3JlYXRlIjo2MDAwMDAwMDAwMDAsImRlbGV0ZSI6OTAwMDAwMDAwMDAwfSwic2NoZW1hX3ZlcnNpb24iOiIxIn0=",
          "dependencies": [
            "module.ass_vpc_stg.aws_vpc.main"
          ]
        }
      ]
    },
    {
      "module": "module.alb_stg.module.http_security_group",
      "mode": "managed",
      "type": "aws_security_group_rule",
      "name": "egress",
      "provider": "provider[\"registry.terraform.io/hashicorp/aws\"]",
      "instances": [
        {
          "schema_version": 2,
          "attributes": {
            "cidr_blocks": [
              "0.0.0.0/0"
            ],
            "description": "",
            "from_port": 0,
            "id": "sgrule-4216541674",
            "ipv6_cidr_blocks": null,
            "prefix_list_ids": null,
            "protocol": "-1",
            "security_group_id": "sg-0eeb56ff95d390638",
            "security_group_rule_id": "sgr-047fc2d77f4cd311a",
            "self": false,
            "source_security_group_id": null,
            "timeouts": null,
            "to_port": 0,
            "type": "egress"
          },
          "sensitive_attributes": [],
          "private": "eyJlMmJmYjczMC1lY2FhLTExZTYtOGY4OC0zNDM2M2JjN2M0YzAiOnsiY3JlYXRlIjozMDAwMDAwMDAwMDB9LCJzY2hlbWFfdmVyc2lvbiI6IjIifQ==",
          "dependencies": [
            "module.alb_stg.module.http_security_group.aws_security_group.main",
            "module.ass_vpc_stg.aws_vpc.main"
          ]
        }
      ]
    },
    {
      "module": "module.alb_stg.module.http_security_group",
      "mode": "managed",
      "type": "aws_security_group_rule",
      "name": "ingress",
      "provider": "provider[\"registry.terraform.io/hashicorp/aws\"]",
      "instances": [
        {
          "schema_version": 2,
          "attributes": {
            "cidr_blocks": [
              "0.0.0.0/0"
            ],
            "description": "",
            "from_port": 80,
            "id": "sgrule-3650061444",
            "ipv6_cidr_blocks": null,
            "prefix_list_ids": null,
            "protocol": "tcp",
            "security_group_id": "sg-0eeb56ff95d390638",
            "security_group_rule_id": "sgr-0f5da3a993747f5bd",
            "self": false,
            "source_security_group_id": null,
            "timeouts": null,
            "to_port": 80,
            "type": "ingress"
          },
          "sensitive_attributes": [],
          "private": "eyJlMmJmYjczMC1lY2FhLTExZTYtOGY4OC0zNDM2M2JjN2M0YzAiOnsiY3JlYXRlIjozMDAwMDAwMDAwMDB9LCJzY2hlbWFfdmVyc2lvbiI6IjIifQ==",
          "dependencies": [
            "module.alb_stg.module.http_security_group.aws_security_group.main",
            "module.ass_vpc_stg.aws_vpc.main"
          ]
        }
      ]
    },
    {
      "module": "module.alb_stg.module.https_security_group",
      "mode": "managed",
      "type": "aws_security_group",
      "name": "main",
      "provider": "provider[\"registry.terraform.io/hashicorp/aws\"]",
      "instances": [
        {
          "schema_version": 1,
          "attributes": {
            "arn": "arn:aws:ec2:ap-northeast-1:730335441282:security-group/sg-0162dbf7c463bf011",
            "description": "ass-https",
            "egress": [
              {
                "cidr_blocks": [
                  "0.0.0.0/0"
                ],
                "description": "",
                "from_port": 0,
                "ipv6_cidr_blocks": [],
                "prefix_list_ids": [],
                "protocol": "-1",
                "security_groups": [],
                "self": false,
                "to_port": 0
              }
            ],
            "id": "sg-0162dbf7c463bf011",
            "ingress": [
              {
                "cidr_blocks": [
                  "0.0.0.0/0"
                ],
                "description": "",
                "from_port": 443,
                "ipv6_cidr_blocks": [],
                "prefix_list_ids": [],
                "protocol": "tcp",
                "security_groups": [],
                "self": false,
                "to_port": 443
              }
            ],
            "name": "ass-https",
            "name_prefix": "",
            "owner_id": "730335441282",
            "revoke_rules_on_delete": false,
            "tags": {},
            "tags_all": {},
            "timeouts": null,
            "vpc_id": "vpc-0c5d0041a8f0d951a"
          },
          "sensitive_attributes": [],
          "private": "eyJlMmJmYjczMC1lY2FhLTExZTYtOGY4OC0zNDM2M2JjN2M0YzAiOnsiY3JlYXRlIjo2MDAwMDAwMDAwMDAsImRlbGV0ZSI6OTAwMDAwMDAwMDAwfSwic2NoZW1hX3ZlcnNpb24iOiIxIn0=",
          "dependencies": [
            "module.ass_vpc_stg.aws_vpc.main"
          ]
        }
      ]
    },
    {
      "module": "module.alb_stg.module.https_security_group",
      "mode": "managed",
      "type": "aws_security_group_rule",
      "name": "egress",
      "provider": "provider[\"registry.terraform.io/hashicorp/aws\"]",
      "instances": [
        {
          "schema_version": 2,
          "attributes": {
            "cidr_blocks": [
              "0.0.0.0/0"
            ],
            "description": "",
            "from_port": 0,
            "id": "sgrule-2654706054",
            "ipv6_cidr_blocks": null,
            "prefix_list_ids": null,
            "protocol": "-1",
            "security_group_id": "sg-0162dbf7c463bf011",
            "security_group_rule_id": "sgr-0fca450e0672ab85f",
            "self": false,
            "source_security_group_id": null,
            "timeouts": null,
            "to_port": 0,
            "type": "egress"
          },
          "sensitive_attributes": [],
          "private": "eyJlMmJmYjczMC1lY2FhLTExZTYtOGY4OC0zNDM2M2JjN2M0YzAiOnsiY3JlYXRlIjozMDAwMDAwMDAwMDB9LCJzY2hlbWFfdmVyc2lvbiI6IjIifQ==",
          "dependencies": [
            "module.alb_stg.module.https_security_group.aws_security_group.main",
            "module.ass_vpc_stg.aws_vpc.main"
          ]
        }
      ]
    },
    {
      "module": "module.alb_stg.module.https_security_group",
      "mode": "managed",
      "type": "aws_security_group_rule",
      "name": "ingress",
      "provider": "provider[\"registry.terraform.io/hashicorp/aws\"]",
      "instances": [
        {
          "schema_version": 2,
          "attributes": {
            "cidr_blocks": [
              "0.0.0.0/0"
            ],
            "description": "",
            "from_port": 443,
            "id": "sgrule-22887657",
            "ipv6_cidr_blocks": null,
            "prefix_list_ids": null,
            "protocol": "tcp",
            "security_group_id": "sg-0162dbf7c463bf011",
            "security_group_rule_id": "sgr-051aea2f18eaea85a",
            "self": false,
            "source_security_group_id": null,
            "timeouts": null,
            "to_port": 443,
            "type": "ingress"
          },
          "sensitive_attributes": [],
          "private": "eyJlMmJmYjczMC1lY2FhLTExZTYtOGY4OC0zNDM2M2JjN2M0YzAiOnsiY3JlYXRlIjozMDAwMDAwMDAwMDB9LCJzY2hlbWFfdmVyc2lvbiI6IjIifQ==",
          "dependencies": [
            "module.alb_stg.module.https_security_group.aws_security_group.main",
            "module.ass_vpc_stg.aws_vpc.main"
          ]
        }
      ]
    },
    {
      "module": "module.ass_rds_stg",
      "mode": "managed",
      "type": "aws_db_instance",
      "name": "main",
      "provider": "provider[\"registry.terraform.io/hashicorp/aws\"]",
      "instances": [
        {
          "schema_version": 1,
          "attributes": {
            "address": "ass-staging.c3e2e24uwy59.ap-northeast-1.rds.amazonaws.com",
            "allocated_storage": 20,
            "allow_major_version_upgrade": null,
            "apply_immediately": false,
            "arn": "arn:aws:rds:ap-northeast-1:730335441282:db:ass-staging",
            "auto_minor_version_upgrade": true,
            "availability_zone": "ap-northeast-1a",
            "backup_retention_period": 7,
            "backup_window": "14:10-14:40",
            "blue_green_update": [],
            "ca_cert_identifier": "rds-ca-rsa2048-g1",
            "character_set_name": "",
            "copy_tags_to_snapshot": false,
            "custom_iam_instance_profile": "",
            "customer_owned_ip_enabled": false,
            "db_name": "ass_rds_staging",
            "db_subnet_group_name": "ass-subnet-staging",
            "delete_automated_backups": true,
            "deletion_protection": false,
            "domain": "",
            "domain_iam_role_name": "",
            "enabled_cloudwatch_logs_exports": [
              "error",
              "general",
              "slowquery"
            ],
            "endpoint": "ass-staging.c3e2e24uwy59.ap-northeast-1.rds.amazonaws.com:3306",
            "engine": "mysql",
            "engine_version": "8.0",
            "engine_version_actual": "8.0.35",
            "final_snapshot_identifier": null,
            "hosted_zone_id": "Z24O6O9L7SGTNB",
            "iam_database_authentication_enabled": false,
            "id": "ass-staging",
            "identifier": "ass-staging",
            "identifier_prefix": "",
            "instance_class": "db.t3.micro",
            "iops": 0,
            "kms_key_id": "",
            "latest_restorable_time": "2024-07-20T15:20:00Z",
            "license_model": "general-public-license",
            "listener_endpoint": [],
            "maintenance_window": "mon:13:10-mon:13:40",
            "manage_master_user_password": null,
            "master_user_secret": [],
            "master_user_secret_kms_key_id": null,
            "max_allocated_storage": 20,
            "monitoring_interval": 0,
            "monitoring_role_arn": "",
            "multi_az": true,
            "name": "ass_rds_staging",
            "nchar_character_set_name": "",
            "network_type": "IPV4",
            "option_group_name": "ass-staging",
            "parameter_group_name": "ass-staging",
            "password": "onO0H4ZueY",
            "performance_insights_enabled": false,
            "performance_insights_kms_key_id": "",
            "performance_insights_retention_period": 0,
            "port": 3306,
            "publicly_accessible": false,
            "replica_mode": "",
            "replicas": [],
            "replicate_source_db": "",
            "resource_id": "db-NE2PWBCXA2UKBDYQX2PHNKBS7U",
            "restore_to_point_in_time": [],
            "s3_import": [],
            "security_group_names": [],
            "skip_final_snapshot": true,
            "snapshot_identifier": null,
            "status": "stopped",
            "storage_encrypted": false,
            "storage_throughput": 0,
            "storage_type": "gp2",
            "tags": {},
            "tags_all": {},
            "timeouts": null,
            "timezone": "",
            "username": "ass_api",
            "vpc_security_group_ids": [
              "sg-0ab46e8694320dffe"
            ]
          },
          "sensitive_attributes": [
            [
              {
                "type": "get_attr",
                "value": "password"
              }
            ]
          ],
          "private": "eyJlMmJmYjczMC1lY2FhLTExZTYtOGY4OC0zNDM2M2JjN2M0YzAiOnsiY3JlYXRlIjoyNDAwMDAwMDAwMDAwLCJkZWxldGUiOjM2MDAwMDAwMDAwMDAsInVwZGF0ZSI6NDgwMDAwMDAwMDAwMH0sInNjaGVtYV92ZXJzaW9uIjoiMSJ9",
          "dependencies": [
            "module.ass_rds_stg.aws_db_option_group.main",
            "module.ass_rds_stg.aws_db_parameter_group.main",
            "module.ass_rds_stg.aws_db_subnet_group.main",
            "module.ass_rds_stg.module.rds_security_group.aws_security_group.main",
            "module.ass_rds_stg.random_password.rds",
            "module.ass_sbunet_stg.aws_subnet.private-subnet",
            "module.ass_sbunet_stg.aws_subnet.public-subnet",
            "module.ass_vpc_stg.aws_vpc.main"
          ]
        }
      ]
    },
    {
      "module": "module.ass_rds_stg",
      "mode": "managed",
      "type": "aws_db_option_group",
      "name": "main",
      "provider": "provider[\"registry.terraform.io/hashicorp/aws\"]",
      "instances": [
        {
          "schema_version": 0,
          "attributes": {
            "arn": "arn:aws:rds:ap-northeast-1:730335441282:og:ass-staging",
            "engine_name": "mysql",
            "id": "ass-staging",
            "major_engine_version": "8.0",
            "name": "ass-staging",
            "name_prefix": null,
            "option": [],
            "option_group_description": "Managed by Terraform",
            "tags": {},
            "tags_all": {},
            "timeouts": null
          },
          "sensitive_attributes": [],
          "private": "eyJlMmJmYjczMC1lY2FhLTExZTYtOGY4OC0zNDM2M2JjN2M0YzAiOnsiZGVsZXRlIjo5MDAwMDAwMDAwMDB9fQ=="
        }
      ]
    },
    {
      "module": "module.ass_rds_stg",
      "mode": "managed",
      "type": "aws_db_parameter_group",
      "name": "main",
      "provider": "provider[\"registry.terraform.io/hashicorp/aws\"]",
      "instances": [
        {
          "schema_version": 0,
          "attributes": {
            "arn": "arn:aws:rds:ap-northeast-1:730335441282:pg:ass-staging",
            "description": "Managed by Terraform",
            "family": "mysql8.0",
            "id": "ass-staging",
            "name": "ass-staging",
            "name_prefix": null,
            "parameter": [],
            "tags": {},
            "tags_all": {}
          },
          "sensitive_attributes": [],
          "private": "bnVsbA=="
        }
      ]
    },
    {
      "module": "module.ass_rds_stg",
      "mode": "managed",
      "type": "aws_db_subnet_group",
      "name": "main",
      "provider": "provider[\"registry.terraform.io/hashicorp/aws\"]",
      "instances": [
        {
          "schema_version": 0,
          "attributes": {
            "arn": "arn:aws:rds:ap-northeast-1:730335441282:subgrp:ass-subnet-staging",
            "description": "Managed by Terraform",
            "id": "ass-subnet-staging",
            "name": "ass-subnet-staging",
            "name_prefix": "",
            "subnet_ids": [
              "subnet-0826e1fb155eaba13",
              "subnet-0f7f3554ea0917408"
            ],
            "supported_network_types": [
              "IPV4"
            ],
            "tags": {},
            "tags_all": {},
            "vpc_id": "vpc-0c5d0041a8f0d951a"
          },
          "sensitive_attributes": [],
          "private": "bnVsbA==",
          "dependencies": [
            "module.ass_sbunet_stg.aws_subnet.private-subnet",
            "module.ass_sbunet_stg.aws_subnet.public-subnet",
            "module.ass_vpc_stg.aws_vpc.main"
          ]
        }
      ]
    },
    {
      "module": "module.ass_rds_stg",
      "mode": "managed",
      "type": "aws_iam_policy",
      "name": "rds_scheduler",
      "provider": "provider[\"registry.terraform.io/hashicorp/aws\"]",
      "instances": [
        {
          "schema_version": 0,
          "attributes": {
            "arn": "arn:aws:iam::730335441282:policy/ass-rds-scheduler-staging-policy",
            "description": "",
            "id": "arn:aws:iam::730335441282:policy/ass-rds-scheduler-staging-policy",
            "name": "ass-rds-scheduler-staging-policy",
            "name_prefix": "",
            "path": "/",
            "policy": "{\"Statement\":[{\"Action\":[\"rds:StartDBInstance\",\"rds:StopDBInstance\"],\"Effect\":\"Allow\",\"Resource\":\"*\",\"Sid\":\"rdsstop\"}],\"Version\":\"2012-10-17\"}",
            "policy_id": "ANPA2UC3COGBKOFFPUE7C",
            "tags": {},
            "tags_all": {}
          },
          "sensitive_attributes": [],
          "private": "bnVsbA=="
        }
      ]
    },
    {
      "module": "module.ass_rds_stg",
      "mode": "managed",
      "type": "aws_iam_role",
      "name": "rds_scheduler_stg",
      "provider": "provider[\"registry.terraform.io/hashicorp/aws\"]",
      "instances": [
        {
          "schema_version": 0,
          "attributes": {
            "arn": "arn:aws:iam::730335441282:role/ass-rds-scheduler-staging-role",
            "assume_role_policy": "{\"Statement\":[{\"Action\":\"sts:AssumeRole\",\"Effect\":\"Allow\",\"Principal\":{\"Service\":[\"scheduler.amazonaws.com\"]}}],\"Version\":\"2012-10-17\"}",
            "create_date": "2024-07-10T13:22:09Z",
            "description": "",
            "force_detach_policies": false,
            "id": "ass-rds-scheduler-staging-role",
            "inline_policy": [],
            "managed_policy_arns": [
              "arn:aws:iam::730335441282:policy/ass-rds-scheduler-staging-policy"
            ],
            "max_session_duration": 3600,
            "name": "ass-rds-scheduler-staging-role",
            "name_prefix": "",
            "path": "/",
            "permissions_boundary": null,
            "role_last_used": [
              {
                "last_used_date": "2024-07-20T15:00:26Z",
                "region": "ap-northeast-1"
              }
            ],
            "tags": {},
            "tags_all": {},
            "unique_id": "AROA2UC3COGBJMX7LWGAJ"
          },
          "sensitive_attributes": [],
          "private": "bnVsbA=="
        }
      ]
    },
    {
      "module": "module.ass_rds_stg",
      "mode": "managed",
      "type": "aws_iam_role_policy_attachment",
      "name": "rds_scheduler",
      "provider": "provider[\"registry.terraform.io/hashicorp/aws\"]",
      "instances": [
        {
          "schema_version": 0,
          "attributes": {
            "id": "ass-rds-scheduler-staging-role-20240710132210988000000003",
            "policy_arn": "arn:aws:iam::730335441282:policy/ass-rds-scheduler-staging-policy",
            "role": "ass-rds-scheduler-staging-role"
          },
          "sensitive_attributes": [],
          "private": "bnVsbA==",
          "dependencies": [
            "module.ass_rds_stg.aws_iam_policy.rds_scheduler",
            "module.ass_rds_stg.aws_iam_role.rds_scheduler_stg"
          ]
        }
      ]
    },
    {
      "module": "module.ass_rds_stg",
      "mode": "managed",
      "type": "aws_scheduler_schedule",
      "name": "rds_start_stg",
      "provider": "provider[\"registry.terraform.io/hashicorp/aws\"]",
      "instances": [
        {
          "schema_version": 0,
          "attributes": {
            "arn": "arn:aws:scheduler:ap-northeast-1:730335441282:schedule/default/ass-start-scheduler-staging",
            "description": "",
            "end_date": "",
            "flexible_time_window": [
              {
                "maximum_window_in_minutes": 0,
                "mode": "OFF"
              }
            ],
            "group_name": "default",
            "id": "default/ass-start-scheduler-staging",
            "kms_key_arn": "",
            "name": "ass-start-scheduler-staging",
            "name_prefix": "",
            "schedule_expression": "cron(30 10 * * ? *)",
            "schedule_expression_timezone": "UTC",
            "start_date": "",
            "state": "ENABLED",
            "target": [
              {
                "arn": "arn:aws:scheduler:::aws-sdk:rds:startDBInstance",
                "dead_letter_config": [],
                "ecs_parameters": [],
                "eventbridge_parameters": [],
                "input": "{\"DbInstanceIdentifier\":\"ass-staging\"}",
                "kinesis_parameters": [],
                "retry_policy": [
                  {
                    "maximum_event_age_in_seconds": 86400,
                    "maximum_retry_attempts": 185
                  }
                ],
                "role_arn": "arn:aws:iam::730335441282:role/ass-rds-scheduler-staging-role",
                "sagemaker_pipeline_parameters": [],
                "sqs_parameters": []
              }
            ]
          },
          "sensitive_attributes": [],
          "private": "bnVsbA==",
          "dependencies": [
            "module.ass_rds_stg.aws_db_instance.main",
            "module.ass_rds_stg.aws_db_option_group.main",
            "module.ass_rds_stg.aws_db_parameter_group.main",
            "module.ass_rds_stg.aws_db_subnet_group.main",
            "module.ass_rds_stg.aws_iam_role.rds_scheduler_stg",
            "module.ass_rds_stg.module.rds_security_group.aws_security_group.main",
            "module.ass_rds_stg.random_password.rds",
            "module.ass_sbunet_stg.aws_subnet.private-subnet",
            "module.ass_sbunet_stg.aws_subnet.public-subnet",
            "module.ass_vpc_stg.aws_vpc.main"
          ]
        }
      ]
    },
    {
      "module": "module.ass_rds_stg",
      "mode": "managed",
      "type": "aws_scheduler_schedule",
      "name": "rds_stop_stg",
      "provider": "provider[\"registry.terraform.io/hashicorp/aws\"]",
      "instances": [
        {
          "schema_version": 0,
          "attributes": {
            "arn": "arn:aws:scheduler:ap-northeast-1:730335441282:schedule/default/ass-stop-scheduler-staging",
            "description": "",
            "end_date": "",
            "flexible_time_window": [
              {
                "maximum_window_in_minutes": 0,
                "mode": "OFF"
              }
            ],
            "group_name": "default",
            "id": "default/ass-stop-scheduler-staging",
            "kms_key_arn": "",
            "name": "ass-stop-scheduler-staging",
            "name_prefix": "",
            "schedule_expression": "cron(0 15 * * ? *)",
            "schedule_expression_timezone": "UTC",
            "start_date": "",
            "state": "ENABLED",
            "target": [
              {
                "arn": "arn:aws:scheduler:::aws-sdk:rds:stopDBInstance",
                "dead_letter_config": [],
                "ecs_parameters": [],
                "eventbridge_parameters": [],
                "input": "{\"DbInstanceIdentifier\":\"ass-staging\"}",
                "kinesis_parameters": [],
                "retry_policy": [
                  {
                    "maximum_event_age_in_seconds": 86400,
                    "maximum_retry_attempts": 185
                  }
                ],
                "role_arn": "arn:aws:iam::730335441282:role/ass-rds-scheduler-staging-role",
                "sagemaker_pipeline_parameters": [],
                "sqs_parameters": []
              }
            ]
          },
          "sensitive_attributes": [],
          "private": "bnVsbA==",
          "dependencies": [
            "module.ass_rds_stg.aws_db_instance.main",
            "module.ass_rds_stg.aws_db_option_group.main",
            "module.ass_rds_stg.aws_db_parameter_group.main",
            "module.ass_rds_stg.aws_db_subnet_group.main",
            "module.ass_rds_stg.aws_iam_role.rds_scheduler_stg",
            "module.ass_rds_stg.module.rds_security_group.aws_security_group.main",
            "module.ass_rds_stg.random_password.rds",
            "module.ass_sbunet_stg.aws_subnet.private-subnet",
            "module.ass_sbunet_stg.aws_subnet.public-subnet",
            "module.ass_vpc_stg.aws_vpc.main"
          ]
        }
      ]
    },
    {
      "module": "module.ass_rds_stg",
      "mode": "managed",
      "type": "aws_ssm_parameter",
      "name": "db_endpoint",
      "provider": "provider[\"registry.terraform.io/hashicorp/aws\"]",
      "instances": [
        {
          "schema_version": 0,
          "attributes": {
            "allowed_pattern": "",
            "arn": "arn:aws:ssm:ap-northeast-1:730335441282:parameter/ass-staging/db/endpoint",
            "data_type": "text",
            "description": "DBEndpont",
            "id": "/ass-staging/db/endpoint",
            "insecure_value": null,
            "key_id": "alias/aws/ssm",
            "name": "/ass-staging/db/endpoint",
            "overwrite": null,
            "tags": {},
            "tags_all": {},
            "tier": "Standard",
            "type": "SecureString",
            "value": "ass-staging.c3e2e24uwy59.ap-northeast-1.rds.amazonaws.com",
            "version": 1
          },
          "sensitive_attributes": [
            [
              {
                "type": "get_attr",
                "value": "value"
              }
            ]
          ],
          "private": "bnVsbA==",
          "dependencies": [
            "module.ass_rds_stg.aws_db_instance.main",
            "module.ass_rds_stg.aws_db_option_group.main",
            "module.ass_rds_stg.aws_db_parameter_group.main",
            "module.ass_rds_stg.aws_db_subnet_group.main",
            "module.ass_rds_stg.module.rds_security_group.aws_security_group.main",
            "module.ass_rds_stg.random_password.rds",
            "module.ass_sbunet_stg.aws_subnet.private-subnet",
            "module.ass_sbunet_stg.aws_subnet.public-subnet",
            "module.ass_vpc_stg.aws_vpc.main"
          ]
        }
      ]
    },
    {
      "module": "module.ass_rds_stg",
      "mode": "managed",
      "type": "aws_ssm_parameter",
      "name": "db_name",
      "provider": "provider[\"registry.terraform.io/hashicorp/aws\"]",
      "instances": [
        {
          "schema_version": 0,
          "attributes": {
            "allowed_pattern": "",
            "arn": "arn:aws:ssm:ap-northeast-1:730335441282:parameter/ass-staging/db/name",
            "data_type": "text",
            "description": "DBName",
            "id": "/ass-staging/db/name",
            "insecure_value": null,
            "key_id": "alias/aws/ssm",
            "name": "/ass-staging/db/name",
            "overwrite": null,
            "tags": {},
            "tags_all": {},
            "tier": "Standard",
            "type": "SecureString",
            "value": "ass-staging",
            "version": 1
          },
          "sensitive_attributes": [
            [
              {
                "type": "get_attr",
                "value": "value"
              }
            ]
          ],
          "private": "bnVsbA==",
          "dependencies": [
            "module.ass_rds_stg.aws_db_instance.main",
            "module.ass_rds_stg.aws_db_option_group.main",
            "module.ass_rds_stg.aws_db_parameter_group.main",
            "module.ass_rds_stg.aws_db_subnet_group.main",
            "module.ass_rds_stg.module.rds_security_group.aws_security_group.main",
            "module.ass_rds_stg.random_password.rds",
            "module.ass_sbunet_stg.aws_subnet.private-subnet",
            "module.ass_sbunet_stg.aws_subnet.public-subnet",
            "module.ass_vpc_stg.aws_vpc.main"
          ]
        }
      ]
    },
    {
      "module": "module.ass_rds_stg",
      "mode": "managed",
      "type": "aws_ssm_parameter",
      "name": "db_password",
      "provider": "provider[\"registry.terraform.io/hashicorp/aws\"]",
      "instances": [
        {
          "schema_version": 0,
          "attributes": {
            "allowed_pattern": "",
            "arn": "arn:aws:ssm:ap-northeast-1:730335441282:parameter/ass-staging/db/password",
            "data_type": "text",
            "description": "DBPassword",
            "id": "/ass-staging/db/password",
            "insecure_value": null,
            "key_id": "alias/aws/ssm",
            "name": "/ass-staging/db/password",
            "overwrite": null,
            "tags": {},
            "tags_all": {},
            "tier": "Standard",
            "type": "SecureString",
            "value": "onO0H4ZueY",
            "version": 1
          },
          "sensitive_attributes": [
            [
              {
                "type": "get_attr",
                "value": "value"
              }
            ]
          ],
          "private": "bnVsbA==",
          "dependencies": [
            "module.ass_rds_stg.aws_db_instance.main",
            "module.ass_rds_stg.aws_db_option_group.main",
            "module.ass_rds_stg.aws_db_parameter_group.main",
            "module.ass_rds_stg.aws_db_subnet_group.main",
            "module.ass_rds_stg.module.rds_security_group.aws_security_group.main",
            "module.ass_rds_stg.random_password.rds",
            "module.ass_sbunet_stg.aws_subnet.private-subnet",
            "module.ass_sbunet_stg.aws_subnet.public-subnet",
            "module.ass_vpc_stg.aws_vpc.main"
          ]
        }
      ]
    },
    {
      "module": "module.ass_rds_stg",
      "mode": "managed",
      "type": "aws_ssm_parameter",
      "name": "db_port",
      "provider": "provider[\"registry.terraform.io/hashicorp/aws\"]",
      "instances": [
        {
          "schema_version": 0,
          "attributes": {
            "allowed_pattern": "",
            "arn": "arn:aws:ssm:ap-northeast-1:730335441282:parameter/ass-staging/db/port",
            "data_type": "text",
            "description": "DBPort",
            "id": "/ass-staging/db/port",
            "insecure_value": null,
            "key_id": "alias/aws/ssm",
            "name": "/ass-staging/db/port",
            "overwrite": null,
            "tags": {},
            "tags_all": {},
            "tier": "Standard",
            "type": "SecureString",
            "value": "3306",
            "version": 1
          },
          "sensitive_attributes": [
            [
              {
                "type": "get_attr",
                "value": "value"
              }
            ]
          ],
          "private": "bnVsbA==",
          "dependencies": [
            "module.ass_rds_stg.aws_db_instance.main",
            "module.ass_rds_stg.aws_db_option_group.main",
            "module.ass_rds_stg.aws_db_parameter_group.main",
            "module.ass_rds_stg.aws_db_subnet_group.main",
            "module.ass_rds_stg.module.rds_security_group.aws_security_group.main",
            "module.ass_rds_stg.random_password.rds",
            "module.ass_sbunet_stg.aws_subnet.private-subnet",
            "module.ass_sbunet_stg.aws_subnet.public-subnet",
            "module.ass_vpc_stg.aws_vpc.main"
          ]
        }
      ]
    },
    {
      "module": "module.ass_rds_stg",
      "mode": "managed",
      "type": "aws_ssm_parameter",
      "name": "db_username",
      "provider": "provider[\"registry.terraform.io/hashicorp/aws\"]",
      "instances": [
        {
          "schema_version": 0,
          "attributes": {
            "allowed_pattern": "",
            "arn": "arn:aws:ssm:ap-northeast-1:730335441282:parameter/ass-staging/db/username",
            "data_type": "text",
            "description": "DBUserName",
            "id": "/ass-staging/db/username",
            "insecure_value": null,
            "key_id": "alias/aws/ssm",
            "name": "/ass-staging/db/username",
            "overwrite": null,
            "tags": {},
            "tags_all": {},
            "tier": "Standard",
            "type": "SecureString",
            "value": "ass_api",
            "version": 1
          },
          "sensitive_attributes": [
            [
              {
                "type": "get_attr",
                "value": "value"
              }
            ]
          ],
          "private": "bnVsbA==",
          "dependencies": [
            "module.ass_rds_stg.aws_db_instance.main",
            "module.ass_rds_stg.aws_db_option_group.main",
            "module.ass_rds_stg.aws_db_parameter_group.main",
            "module.ass_rds_stg.aws_db_subnet_group.main",
            "module.ass_rds_stg.module.rds_security_group.aws_security_group.main",
            "module.ass_rds_stg.random_password.rds",
            "module.ass_sbunet_stg.aws_subnet.private-subnet",
            "module.ass_sbunet_stg.aws_subnet.public-subnet",
            "module.ass_vpc_stg.aws_vpc.main"
          ]
        }
      ]
    },
    {
      "module": "module.ass_rds_stg",
      "mode": "managed",
      "type": "aws_ssm_parameter",
      "name": "host",
      "provider": "provider[\"registry.terraform.io/hashicorp/aws\"]",
      "instances": [
        {
          "schema_version": 0,
          "attributes": {
            "allowed_pattern": "",
            "arn": "arn:aws:ssm:ap-northeast-1:730335441282:parameter/ass-staging/db/host",
            "data_type": "text",
            "description": "DBHost",
            "id": "/ass-staging/db/host",
            "insecure_value": null,
            "key_id": "alias/aws/ssm",
            "name": "/ass-staging/db/host",
            "overwrite": null,
            "tags": {},
            "tags_all": {},
            "tier": "Standard",
            "type": "SecureString",
            "value": "ass-staging.c3e2e24uwy59.ap-northeast-1.rds.amazonaws.com",
            "version": 1
          },
          "sensitive_attributes": [
            [
              {
                "type": "get_attr",
                "value": "value"
              }
            ]
          ],
          "private": "bnVsbA==",
          "dependencies": [
            "module.ass_rds_stg.aws_db_instance.main",
            "module.ass_rds_stg.aws_db_option_group.main",
            "module.ass_rds_stg.aws_db_parameter_group.main",
            "module.ass_rds_stg.aws_db_subnet_group.main",
            "module.ass_rds_stg.module.rds_security_group.aws_security_group.main",
            "module.ass_rds_stg.random_password.rds",
            "module.ass_sbunet_stg.aws_subnet.private-subnet",
            "module.ass_sbunet_stg.aws_subnet.public-subnet",
            "module.ass_vpc_stg.aws_vpc.main"
          ]
        }
      ]
    },
    {
      "module": "module.ass_rds_stg",
      "mode": "managed",
      "type": "random_password",
      "name": "rds",
      "provider": "provider[\"registry.terraform.io/hashicorp/random\"]",
      "instances": [
        {
          "schema_version": 3,
          "attributes": {
            "bcrypt_hash": "$2a$10$SsMv5uNuNyd4QL93.rxKqOAv/4WrWONitq/qbVGssrwjDS2Sd0Ixy",
            "id": "none",
            "keepers": null,
            "length": 10,
            "lower": true,
            "min_lower": 0,
            "min_numeric": 0,
            "min_special": 0,
            "min_upper": 0,
            "number": true,
            "numeric": true,
            "override_special": null,
            "result": "onO0H4ZueY",
            "special": false,
            "upper": true
          },
          "sensitive_attributes": [
            [
              {
                "type": "get_attr",
                "value": "result"
              }
            ],
            [
              {
                "type": "get_attr",
                "value": "bcrypt_hash"
              }
            ]
          ]
        }
      ]
    },
    {
      "module": "module.ass_rds_stg.module.rds_security_group",
      "mode": "managed",
      "type": "aws_security_group",
      "name": "main",
      "provider": "provider[\"registry.terraform.io/hashicorp/aws\"]",
      "instances": [
        {
          "schema_version": 1,
          "attributes": {
            "arn": "arn:aws:ec2:ap-northeast-1:730335441282:security-group/sg-0ab46e8694320dffe",
            "description": "ass-rds-security-group",
            "egress": [
              {
                "cidr_blocks": [
                  "0.0.0.0/0"
                ],
                "description": "",
                "from_port": 0,
                "ipv6_cidr_blocks": [],
                "prefix_list_ids": [],
                "protocol": "-1",
                "security_groups": [],
                "self": false,
                "to_port": 0
              }
            ],
            "id": "sg-0ab46e8694320dffe",
            "ingress": [
              {
                "cidr_blocks": [
                  "172.10.0.0/16"
                ],
                "description": "",
                "from_port": 3306,
                "ipv6_cidr_blocks": [],
                "prefix_list_ids": [],
                "protocol": "tcp",
                "security_groups": [],
                "self": false,
                "to_port": 3306
              }
            ],
            "name": "ass-rds-security-group",
            "name_prefix": "",
            "owner_id": "730335441282",
            "revoke_rules_on_delete": false,
            "tags": {},
            "tags_all": {},
            "timeouts": null,
            "vpc_id": "vpc-0c5d0041a8f0d951a"
          },
          "sensitive_attributes": [],
          "private": "eyJlMmJmYjczMC1lY2FhLTExZTYtOGY4OC0zNDM2M2JjN2M0YzAiOnsiY3JlYXRlIjo2MDAwMDAwMDAwMDAsImRlbGV0ZSI6OTAwMDAwMDAwMDAwfSwic2NoZW1hX3ZlcnNpb24iOiIxIn0=",
          "dependencies": [
            "module.ass_vpc_stg.aws_vpc.main"
          ]
        }
      ]
    },
    {
      "module": "module.ass_rds_stg.module.rds_security_group",
      "mode": "managed",
      "type": "aws_security_group_rule",
      "name": "egress",
      "provider": "provider[\"registry.terraform.io/hashicorp/aws\"]",
      "instances": [
        {
          "schema_version": 2,
          "attributes": {
            "cidr_blocks": [
              "0.0.0.0/0"
            ],
            "description": "",
            "from_port": 0,
            "id": "sgrule-835862078",
            "ipv6_cidr_blocks": null,
            "prefix_list_ids": null,
            "protocol": "-1",
            "security_group_id": "sg-0ab46e8694320dffe",
            "security_group_rule_id": "sgr-0860e995e391fc49a",
            "self": false,
            "source_security_group_id": null,
            "timeouts": null,
            "to_port": 0,
            "type": "egress"
          },
          "sensitive_attributes": [],
          "private": "eyJlMmJmYjczMC1lY2FhLTExZTYtOGY4OC0zNDM2M2JjN2M0YzAiOnsiY3JlYXRlIjozMDAwMDAwMDAwMDB9LCJzY2hlbWFfdmVyc2lvbiI6IjIifQ==",
          "dependencies": [
            "module.ass_rds_stg.module.rds_security_group.aws_security_group.main",
            "module.ass_vpc_stg.aws_vpc.main"
          ]
        }
      ]
    },
    {
      "module": "module.ass_rds_stg.module.rds_security_group",
      "mode": "managed",
      "type": "aws_security_group_rule",
      "name": "ingress",
      "provider": "provider[\"registry.terraform.io/hashicorp/aws\"]",
      "instances": [
        {
          "schema_version": 2,
          "attributes": {
            "cidr_blocks": [
              "172.10.0.0/16"
            ],
            "description": "",
            "from_port": 3306,
            "id": "sgrule-3177812991",
            "ipv6_cidr_blocks": null,
            "prefix_list_ids": null,
            "protocol": "tcp",
            "security_group_id": "sg-0ab46e8694320dffe",
            "security_group_rule_id": "sgr-06057fcd7cc5cb773",
            "self": false,
            "source_security_group_id": null,
            "timeouts": null,
            "to_port": 3306,
            "type": "ingress"
          },
          "sensitive_attributes": [],
          "private": "eyJlMmJmYjczMC1lY2FhLTExZTYtOGY4OC0zNDM2M2JjN2M0YzAiOnsiY3JlYXRlIjozMDAwMDAwMDAwMDB9LCJzY2hlbWFfdmVyc2lvbiI6IjIifQ==",
          "dependencies": [
            "module.ass_rds_stg.module.rds_security_group.aws_security_group.main",
            "module.ass_vpc_stg.aws_vpc.main"
          ]
        }
      ]
    },
    {
      "module": "module.ass_sbunet_stg",
      "mode": "managed",
      "type": "aws_eip",
      "name": "main",
      "provider": "provider[\"registry.terraform.io/hashicorp/aws\"]",
      "instances": [
        {
          "index_key": "ap-northeast-1a",
          "schema_version": 0,
          "attributes": {
            "address": null,
            "allocation_id": "eipalloc-05740cb0de78cbfb1",
            "associate_with_private_ip": null,
            "association_id": "eipassoc-016b4fa6a83e4e4ee",
            "carrier_ip": "",
            "customer_owned_ip": "",
            "customer_owned_ipv4_pool": "",
            "domain": "vpc",
            "id": "eipalloc-05740cb0de78cbfb1",
            "instance": "",
            "network_border_group": "ap-northeast-1",
            "network_interface": "eni-0fccd56cabea40b74",
            "private_dns": "ip-172-10-1-202.ap-northeast-1.compute.internal",
            "private_ip": "172.10.1.202",
            "public_dns": "ec2-3-112-146-57.ap-northeast-1.compute.amazonaws.com",
            "public_ip": "3.112.146.57",
            "public_ipv4_pool": "amazon",
            "tags": {
              "Zone": "ap-northeast-1a"
            },
            "tags_all": {
              "Zone": "ap-northeast-1a"
            },
            "timeouts": null,
            "vpc": true
          },
          "sensitive_attributes": [],
          "private": "eyJlMmJmYjczMC1lY2FhLTExZTYtOGY4OC0zNDM2M2JjN2M0YzAiOnsiZGVsZXRlIjoxODAwMDAwMDAwMDAsInJlYWQiOjkwMDAwMDAwMDAwMCwidXBkYXRlIjozMDAwMDAwMDAwMDB9fQ=="
        },
        {
          "index_key": "ap-northeast-1c",
          "schema_version": 0,
          "attributes": {
            "address": null,
            "allocation_id": "eipalloc-01d3dd4400656c794",
            "associate_with_private_ip": null,
            "association_id": "eipassoc-030a8b4b3f1218cb0",
            "carrier_ip": "",
            "customer_owned_ip": "",
            "customer_owned_ipv4_pool": "",
            "domain": "vpc",
            "id": "eipalloc-01d3dd4400656c794",
            "instance": "",
            "network_border_group": "ap-northeast-1",
            "network_interface": "eni-078e788ab1e08e66d",
            "private_dns": "ip-172-10-0-140.ap-northeast-1.compute.internal",
            "private_ip": "172.10.0.140",
            "public_dns": "ec2-35-73-66-114.ap-northeast-1.compute.amazonaws.com",
            "public_ip": "35.73.66.114",
            "public_ipv4_pool": "amazon",
            "tags": {
              "Zone": "ap-northeast-1c"
            },
            "tags_all": {
              "Zone": "ap-northeast-1c"
            },
            "timeouts": null,
            "vpc": true
          },
          "sensitive_attributes": [],
          "private": "eyJlMmJmYjczMC1lY2FhLTExZTYtOGY4OC0zNDM2M2JjN2M0YzAiOnsiZGVsZXRlIjoxODAwMDAwMDAwMDAsInJlYWQiOjkwMDAwMDAwMDAwMCwidXBkYXRlIjozMDAwMDAwMDAwMDB9fQ=="
        }
      ]
    },
    {
      "module": "module.ass_sbunet_stg",
      "mode": "managed",
      "type": "aws_internet_gateway",
      "name": "main",
      "provider": "provider[\"registry.terraform.io/hashicorp/aws\"]",
      "instances": [
        {
          "schema_version": 0,
          "attributes": {
            "arn": "arn:aws:ec2:ap-northeast-1:730335441282:internet-gateway/igw-063c997473d3b2209",
            "id": "igw-063c997473d3b2209",
            "owner_id": "730335441282",
            "tags": {},
            "tags_all": {},
            "timeouts": null,
            "vpc_id": "vpc-0c5d0041a8f0d951a"
          },
          "sensitive_attributes": [],
          "private": "eyJlMmJmYjczMC1lY2FhLTExZTYtOGY4OC0zNDM2M2JjN2M0YzAiOnsiY3JlYXRlIjoxMjAwMDAwMDAwMDAwLCJkZWxldGUiOjEyMDAwMDAwMDAwMDAsInVwZGF0ZSI6MTIwMDAwMDAwMDAwMH19",
          "dependencies": [
            "module.ass_vpc_stg.aws_vpc.main"
          ]
        }
      ]
    },
    {
      "module": "module.ass_sbunet_stg",
      "mode": "managed",
      "type": "aws_route",
      "name": "public_route",
      "provider": "provider[\"registry.terraform.io/hashicorp/aws\"]",
      "instances": [
        {
          "index_key": "ap-northeast-1a",
          "schema_version": 0,
          "attributes": {
            "carrier_gateway_id": "",
            "core_network_arn": "",
            "destination_cidr_block": "0.0.0.0/0",
            "destination_ipv6_cidr_block": "",
            "destination_prefix_list_id": "",
            "egress_only_gateway_id": "",
            "gateway_id": "igw-063c997473d3b2209",
            "id": "r-rtb-02caefd75bea61ac41080289494",
            "instance_id": "",
            "instance_owner_id": "",
            "local_gateway_id": "",
            "nat_gateway_id": "",
            "network_interface_id": "",
            "origin": "CreateRoute",
            "route_table_id": "rtb-02caefd75bea61ac4",
            "state": "active",
            "timeouts": null,
            "transit_gateway_id": "",
            "vpc_endpoint_id": "",
            "vpc_peering_connection_id": ""
          },
          "sensitive_attributes": [],
          "private": "eyJlMmJmYjczMC1lY2FhLTExZTYtOGY4OC0zNDM2M2JjN2M0YzAiOnsiY3JlYXRlIjozMDAwMDAwMDAwMDAsImRlbGV0ZSI6MzAwMDAwMDAwMDAwLCJ1cGRhdGUiOjEyMDAwMDAwMDAwMH19",
          "dependencies": [
            "module.ass_sbunet_stg.aws_internet_gateway.main",
            "module.ass_sbunet_stg.aws_route_table.public",
            "module.ass_vpc_stg.aws_vpc.main"
          ]
        },
        {
          "index_key": "ap-northeast-1c",
          "schema_version": 0,
          "attributes": {
            "carrier_gateway_id": "",
            "core_network_arn": "",
            "destination_cidr_block": "0.0.0.0/0",
            "destination_ipv6_cidr_block": "",
            "destination_prefix_list_id": "",
            "egress_only_gateway_id": "",
            "gateway_id": "igw-063c997473d3b2209",
            "id": "r-rtb-07821dedc26c1f2e31080289494",
            "instance_id": "",
            "instance_owner_id": "",
            "local_gateway_id": "",
            "nat_gateway_id": "",
            "network_interface_id": "",
            "origin": "CreateRoute",
            "route_table_id": "rtb-07821dedc26c1f2e3",
            "state": "active",
            "timeouts": null,
            "transit_gateway_id": "",
            "vpc_endpoint_id": "",
            "vpc_peering_connection_id": ""
          },
          "sensitive_attributes": [],
          "private": "eyJlMmJmYjczMC1lY2FhLTExZTYtOGY4OC0zNDM2M2JjN2M0YzAiOnsiY3JlYXRlIjozMDAwMDAwMDAwMDAsImRlbGV0ZSI6MzAwMDAwMDAwMDAwLCJ1cGRhdGUiOjEyMDAwMDAwMDAwMH19",
          "dependencies": [
            "module.ass_sbunet_stg.aws_internet_gateway.main",
            "module.ass_sbunet_stg.aws_route_table.public",
            "module.ass_vpc_stg.aws_vpc.main"
          ]
        }
      ]
    },
    {
      "module": "module.ass_sbunet_stg",
      "mode": "managed",
      "type": "aws_route_table",
      "name": "private",
      "provider": "provider[\"registry.terraform.io/hashicorp/aws\"]",
      "instances": [
        {
          "index_key": "ap-northeast-1a",
          "schema_version": 0,
          "attributes": {
            "arn": "arn:aws:ec2:ap-northeast-1:730335441282:route-table/rtb-07fc5588aec7ac7b0",
            "id": "rtb-07fc5588aec7ac7b0",
            "owner_id": "730335441282",
            "propagating_vgws": [],
            "route": [
              {
                "carrier_gateway_id": "",
                "cidr_block": "0.0.0.0/0",
                "core_network_arn": "",
                "destination_prefix_list_id": "",
                "egress_only_gateway_id": "",
                "gateway_id": "",
                "instance_id": "",
                "ipv6_cidr_block": "",
                "local_gateway_id": "",
                "nat_gateway_id": "nat-06d1250bef9f367ba",
                "network_interface_id": "",
                "transit_gateway_id": "",
                "vpc_endpoint_id": "",
                "vpc_peering_connection_id": ""
              }
            ],
            "tags": {
              "Private": "true",
              "Zone": "ap-northeast-1a"
            },
            "tags_all": {
              "Private": "true",
              "Zone": "ap-northeast-1a"
            },
            "timeouts": null,
            "vpc_id": "vpc-0c5d0041a8f0d951a"
          },
          "sensitive_attributes": [],
          "private": "eyJlMmJmYjczMC1lY2FhLTExZTYtOGY4OC0zNDM2M2JjN2M0YzAiOnsiY3JlYXRlIjozMDAwMDAwMDAwMDAsImRlbGV0ZSI6MzAwMDAwMDAwMDAwLCJ1cGRhdGUiOjEyMDAwMDAwMDAwMH19",
          "dependencies": [
            "module.ass_vpc_stg.aws_vpc.main"
          ]
        },
        {
          "index_key": "ap-northeast-1c",
          "schema_version": 0,
          "attributes": {
            "arn": "arn:aws:ec2:ap-northeast-1:730335441282:route-table/rtb-0633fc4570094241c",
            "id": "rtb-0633fc4570094241c",
            "owner_id": "730335441282",
            "propagating_vgws": [],
            "route": [],
            "tags": {
              "Private": "true",
              "Zone": "ap-northeast-1c"
            },
            "tags_all": {
              "Private": "true",
              "Zone": "ap-northeast-1c"
            },
            "timeouts": null,
            "vpc_id": "vpc-0c5d0041a8f0d951a"
          },
          "sensitive_attributes": [],
          "private": "eyJlMmJmYjczMC1lY2FhLTExZTYtOGY4OC0zNDM2M2JjN2M0YzAiOnsiY3JlYXRlIjozMDAwMDAwMDAwMDAsImRlbGV0ZSI6MzAwMDAwMDAwMDAwLCJ1cGRhdGUiOjEyMDAwMDAwMDAwMH19",
          "dependencies": [
            "module.ass_vpc_stg.aws_vpc.main"
          ]
        }
      ]
    },
    {
      "module": "module.ass_sbunet_stg",
      "mode": "managed",
      "type": "aws_route_table",
      "name": "public",
      "provider": "provider[\"registry.terraform.io/hashicorp/aws\"]",
      "instances": [
        {
          "index_key": "ap-northeast-1a",
          "schema_version": 0,
          "attributes": {
            "arn": "arn:aws:ec2:ap-northeast-1:730335441282:route-table/rtb-02caefd75bea61ac4",
            "id": "rtb-02caefd75bea61ac4",
            "owner_id": "730335441282",
            "propagating_vgws": [],
            "route": [
              {
                "carrier_gateway_id": "",
                "cidr_block": "0.0.0.0/0",
                "core_network_arn": "",
                "destination_prefix_list_id": "",
                "egress_only_gateway_id": "",
                "gateway_id": "igw-063c997473d3b2209",
                "instance_id": "",
                "ipv6_cidr_block": "",
                "local_gateway_id": "",
                "nat_gateway_id": "",
                "network_interface_id": "",
                "transit_gateway_id": "",
                "vpc_endpoint_id": "",
                "vpc_peering_connection_id": ""
              }
            ],
            "tags": {
              "Public": "true"
            },
            "tags_all": {
              "Public": "true"
            },
            "timeouts": null,
            "vpc_id": "vpc-0c5d0041a8f0d951a"
          },
          "sensitive_attributes": [],
          "private": "eyJlMmJmYjczMC1lY2FhLTExZTYtOGY4OC0zNDM2M2JjN2M0YzAiOnsiY3JlYXRlIjozMDAwMDAwMDAwMDAsImRlbGV0ZSI6MzAwMDAwMDAwMDAwLCJ1cGRhdGUiOjEyMDAwMDAwMDAwMH19",
          "dependencies": [
            "module.ass_vpc_stg.aws_vpc.main"
          ]
        },
        {
          "index_key": "ap-northeast-1c",
          "schema_version": 0,
          "attributes": {
            "arn": "arn:aws:ec2:ap-northeast-1:730335441282:route-table/rtb-07821dedc26c1f2e3",
            "id": "rtb-07821dedc26c1f2e3",
            "owner_id": "730335441282",
            "propagating_vgws": [],
            "route": [
              {
                "carrier_gateway_id": "",
                "cidr_block": "0.0.0.0/0",
                "core_network_arn": "",
                "destination_prefix_list_id": "",
                "egress_only_gateway_id": "",
                "gateway_id": "igw-063c997473d3b2209",
                "instance_id": "",
                "ipv6_cidr_block": "",
                "local_gateway_id": "",
                "nat_gateway_id": "",
                "network_interface_id": "",
                "transit_gateway_id": "",
                "vpc_endpoint_id": "",
                "vpc_peering_connection_id": ""
              }
            ],
            "tags": {
              "Public": "true"
            },
            "tags_all": {
              "Public": "true"
            },
            "timeouts": null,
            "vpc_id": "vpc-0c5d0041a8f0d951a"
          },
          "sensitive_attributes": [],
          "private": "eyJlMmJmYjczMC1lY2FhLTExZTYtOGY4OC0zNDM2M2JjN2M0YzAiOnsiY3JlYXRlIjozMDAwMDAwMDAwMDAsImRlbGV0ZSI6MzAwMDAwMDAwMDAwLCJ1cGRhdGUiOjEyMDAwMDAwMDAwMH19",
          "dependencies": [
            "module.ass_vpc_stg.aws_vpc.main"
          ]
        }
      ]
    },
    {
      "module": "module.ass_sbunet_stg",
      "mode": "managed",
      "type": "aws_route_table_association",
      "name": "private_association",
      "provider": "provider[\"registry.terraform.io/hashicorp/aws\"]",
      "instances": [
        {
          "index_key": "ap-northeast-1a",
          "schema_version": 0,
          "attributes": {
            "gateway_id": "",
            "id": "rtbassoc-0f984b537b5043b8b",
            "route_table_id": "rtb-07fc5588aec7ac7b0",
            "subnet_id": "subnet-0826e1fb155eaba13",
            "timeouts": null
          },
          "sensitive_attributes": [],
          "private": "eyJlMmJmYjczMC1lY2FhLTExZTYtOGY4OC0zNDM2M2JjN2M0YzAiOnsiY3JlYXRlIjozMDAwMDAwMDAwMDAsImRlbGV0ZSI6MzAwMDAwMDAwMDAwLCJ1cGRhdGUiOjEyMDAwMDAwMDAwMH19",
          "dependencies": [
            "module.ass_sbunet_stg.aws_route_table.private",
            "module.ass_sbunet_stg.aws_subnet.private-subnet",
            "module.ass_sbunet_stg.aws_subnet.public-subnet",
            "module.ass_vpc_stg.aws_vpc.main"
          ]
        },
        {
          "index_key": "ap-northeast-1c",
          "schema_version": 0,
          "attributes": {
            "gateway_id": "",
            "id": "rtbassoc-00d089fac070a3b25",
            "route_table_id": "rtb-0633fc4570094241c",
            "subnet_id": "subnet-0f7f3554ea0917408",
            "timeouts": null
          },
          "sensitive_attributes": [],
          "private": "eyJlMmJmYjczMC1lY2FhLTExZTYtOGY4OC0zNDM2M2JjN2M0YzAiOnsiY3JlYXRlIjozMDAwMDAwMDAwMDAsImRlbGV0ZSI6MzAwMDAwMDAwMDAwLCJ1cGRhdGUiOjEyMDAwMDAwMDAwMH19",
          "dependencies": [
            "module.ass_sbunet_stg.aws_route_table.private",
            "module.ass_sbunet_stg.aws_subnet.private-subnet",
            "module.ass_sbunet_stg.aws_subnet.public-subnet",
            "module.ass_vpc_stg.aws_vpc.main"
          ]
        }
      ]
    },
    {
      "module": "module.ass_sbunet_stg",
      "mode": "managed",
      "type": "aws_route_table_association",
      "name": "public_association",
      "provider": "provider[\"registry.terraform.io/hashicorp/aws\"]",
      "instances": [
        {
          "index_key": "ap-northeast-1a",
          "schema_version": 0,
          "attributes": {
            "gateway_id": "",
            "id": "rtbassoc-0cd81596f9cc14918",
            "route_table_id": "rtb-02caefd75bea61ac4",
            "subnet_id": "subnet-02e9079cab760dce6",
            "timeouts": null
          },
          "sensitive_attributes": [],
          "private": "eyJlMmJmYjczMC1lY2FhLTExZTYtOGY4OC0zNDM2M2JjN2M0YzAiOnsiY3JlYXRlIjozMDAwMDAwMDAwMDAsImRlbGV0ZSI6MzAwMDAwMDAwMDAwLCJ1cGRhdGUiOjEyMDAwMDAwMDAwMH19",
          "dependencies": [
            "module.ass_sbunet_stg.aws_route_table.public",
            "module.ass_sbunet_stg.aws_subnet.public-subnet",
            "module.ass_vpc_stg.aws_vpc.main"
          ]
        },
        {
          "index_key": "ap-northeast-1c",
          "schema_version": 0,
          "attributes": {
            "gateway_id": "",
            "id": "rtbassoc-01e2357f7bf4f9b5b",
            "route_table_id": "rtb-07821dedc26c1f2e3",
            "subnet_id": "subnet-0eb57e4fa39609973",
            "timeouts": null
          },
          "sensitive_attributes": [],
          "private": "eyJlMmJmYjczMC1lY2FhLTExZTYtOGY4OC0zNDM2M2JjN2M0YzAiOnsiY3JlYXRlIjozMDAwMDAwMDAwMDAsImRlbGV0ZSI6MzAwMDAwMDAwMDAwLCJ1cGRhdGUiOjEyMDAwMDAwMDAwMH19",
          "dependencies": [
            "module.ass_sbunet_stg.aws_route_table.public",
            "module.ass_sbunet_stg.aws_subnet.public-subnet",
            "module.ass_vpc_stg.aws_vpc.main"
          ]
        }
      ]
    },
    {
      "module": "module.ass_sbunet_stg",
      "mode": "managed",
      "type": "aws_subnet",
      "name": "private-subnet",
      "provider": "provider[\"registry.terraform.io/hashicorp/aws\"]",
      "instances": [
        {
          "index_key": "ap-northeast-1a",
          "schema_version": 1,
          "attributes": {
            "arn": "arn:aws:ec2:ap-northeast-1:730335441282:subnet/subnet-0826e1fb155eaba13",
            "assign_ipv6_address_on_creation": false,
            "availability_zone": "ap-northeast-1a",
            "availability_zone_id": "apne1-az4",
            "cidr_block": "172.10.2.0/24",
            "customer_owned_ipv4_pool": "",
            "enable_dns64": false,
            "enable_lni_at_device_index": 0,
            "enable_resource_name_dns_a_record_on_launch": false,
            "enable_resource_name_dns_aaaa_record_on_launch": false,
            "id": "subnet-0826e1fb155eaba13",
            "ipv6_cidr_block": "",
            "ipv6_cidr_block_association_id": "",
            "ipv6_native": false,
            "map_customer_owned_ip_on_launch": false,
            "map_public_ip_on_launch": false,
            "outpost_arn": "",
            "owner_id": "730335441282",
            "private_dns_hostname_type_on_launch": "ip-name",
            "tags": {
              "Private": "true",
              "Zone": "ap-northeast-1a"
            },
            "tags_all": {
              "Private": "true",
              "Zone": "ap-northeast-1a"
            },
            "timeouts": null,
            "vpc_id": "vpc-0c5d0041a8f0d951a"
          },
          "sensitive_attributes": [],
          "private": "eyJlMmJmYjczMC1lY2FhLTExZTYtOGY4OC0zNDM2M2JjN2M0YzAiOnsiY3JlYXRlIjo2MDAwMDAwMDAwMDAsImRlbGV0ZSI6MTIwMDAwMDAwMDAwMH0sInNjaGVtYV92ZXJzaW9uIjoiMSJ9",
          "dependencies": [
            "module.ass_sbunet_stg.aws_subnet.public-subnet",
            "module.ass_vpc_stg.aws_vpc.main"
          ]
        },
        {
          "index_key": "ap-northeast-1c",
          "schema_version": 1,
          "attributes": {
            "arn": "arn:aws:ec2:ap-northeast-1:730335441282:subnet/subnet-0f7f3554ea0917408",
            "assign_ipv6_address_on_creation": false,
            "availability_zone": "ap-northeast-1c",
            "availability_zone_id": "apne1-az1",
            "cidr_block": "172.10.3.0/24",
            "customer_owned_ipv4_pool": "",
            "enable_dns64": false,
            "enable_lni_at_device_index": 0,
            "enable_resource_name_dns_a_record_on_launch": false,
            "enable_resource_name_dns_aaaa_record_on_launch": false,
            "id": "subnet-0f7f3554ea0917408",
            "ipv6_cidr_block": "",
            "ipv6_cidr_block_association_id": "",
            "ipv6_native": false,
            "map_customer_owned_ip_on_launch": false,
            "map_public_ip_on_launch": false,
            "outpost_arn": "",
            "owner_id": "730335441282",
            "private_dns_hostname_type_on_launch": "ip-name",
            "tags": {
              "Private": "true",
              "Zone": "ap-northeast-1c"
            },
            "tags_all": {
              "Private": "true",
              "Zone": "ap-northeast-1c"
            },
            "timeouts": null,
            "vpc_id": "vpc-0c5d0041a8f0d951a"
          },
          "sensitive_attributes": [],
          "private": "eyJlMmJmYjczMC1lY2FhLTExZTYtOGY4OC0zNDM2M2JjN2M0YzAiOnsiY3JlYXRlIjo2MDAwMDAwMDAwMDAsImRlbGV0ZSI6MTIwMDAwMDAwMDAwMH0sInNjaGVtYV92ZXJzaW9uIjoiMSJ9",
          "dependencies": [
            "module.ass_sbunet_stg.aws_subnet.public-subnet",
            "module.ass_vpc_stg.aws_vpc.main"
          ]
        }
      ]
    },
    {
      "module": "module.ass_sbunet_stg",
      "mode": "managed",
      "type": "aws_subnet",
      "name": "public-subnet",
      "provider": "provider[\"registry.terraform.io/hashicorp/aws\"]",
      "instances": [
        {
          "index_key": "ap-northeast-1a",
          "schema_version": 1,
          "attributes": {
            "arn": "arn:aws:ec2:ap-northeast-1:730335441282:subnet/subnet-02e9079cab760dce6",
            "assign_ipv6_address_on_creation": false,
            "availability_zone": "ap-northeast-1a",
            "availability_zone_id": "apne1-az4",
            "cidr_block": "172.10.0.0/24",
            "customer_owned_ipv4_pool": "",
            "enable_dns64": false,
            "enable_lni_at_device_index": 0,
            "enable_resource_name_dns_a_record_on_launch": false,
            "enable_resource_name_dns_aaaa_record_on_launch": false,
            "id": "subnet-02e9079cab760dce6",
            "ipv6_cidr_block": "",
            "ipv6_cidr_block_association_id": "",
            "ipv6_native": false,
            "map_customer_owned_ip_on_launch": false,
            "map_public_ip_on_launch": true,
            "outpost_arn": "",
            "owner_id": "730335441282",
            "private_dns_hostname_type_on_launch": "ip-name",
            "tags": {
              "Zone": "ap-northeast-1a",
              "public": "true"
            },
            "tags_all": {
              "Zone": "ap-northeast-1a",
              "public": "true"
            },
            "timeouts": null,
            "vpc_id": "vpc-0c5d0041a8f0d951a"
          },
          "sensitive_attributes": [],
          "private": "eyJlMmJmYjczMC1lY2FhLTExZTYtOGY4OC0zNDM2M2JjN2M0YzAiOnsiY3JlYXRlIjo2MDAwMDAwMDAwMDAsImRlbGV0ZSI6MTIwMDAwMDAwMDAwMH0sInNjaGVtYV92ZXJzaW9uIjoiMSJ9",
          "dependencies": [
            "module.ass_vpc_stg.aws_vpc.main"
          ]
        },
        {
          "index_key": "ap-northeast-1c",
          "schema_version": 1,
          "attributes": {
            "arn": "arn:aws:ec2:ap-northeast-1:730335441282:subnet/subnet-0eb57e4fa39609973",
            "assign_ipv6_address_on_creation": false,
            "availability_zone": "ap-northeast-1c",
            "availability_zone_id": "apne1-az1",
            "cidr_block": "172.10.1.0/24",
            "customer_owned_ipv4_pool": "",
            "enable_dns64": false,
            "enable_lni_at_device_index": 0,
            "enable_resource_name_dns_a_record_on_launch": false,
            "enable_resource_name_dns_aaaa_record_on_launch": false,
            "id": "subnet-0eb57e4fa39609973",
            "ipv6_cidr_block": "",
            "ipv6_cidr_block_association_id": "",
            "ipv6_native": false,
            "map_customer_owned_ip_on_launch": false,
            "map_public_ip_on_launch": true,
            "outpost_arn": "",
            "owner_id": "730335441282",
            "private_dns_hostname_type_on_launch": "ip-name",
            "tags": {
              "Zone": "ap-northeast-1c",
              "public": "true"
            },
            "tags_all": {
              "Zone": "ap-northeast-1c",
              "public": "true"
            },
            "timeouts": null,
            "vpc_id": "vpc-0c5d0041a8f0d951a"
          },
          "sensitive_attributes": [],
          "private": "eyJlMmJmYjczMC1lY2FhLTExZTYtOGY4OC0zNDM2M2JjN2M0YzAiOnsiY3JlYXRlIjo2MDAwMDAwMDAwMDAsImRlbGV0ZSI6MTIwMDAwMDAwMDAwMH0sInNjaGVtYV92ZXJzaW9uIjoiMSJ9",
          "dependencies": [
            "module.ass_vpc_stg.aws_vpc.main"
          ]
        }
      ]
    },
    {
      "module": "module.ass_vpc_stg",
      "mode": "managed",
      "type": "aws_vpc",
      "name": "main",
      "provider": "provider[\"registry.terraform.io/hashicorp/aws\"]",
      "instances": [
        {
          "schema_version": 1,
          "attributes": {
            "arn": "arn:aws:ec2:ap-northeast-1:730335441282:vpc/vpc-0c5d0041a8f0d951a",
            "assign_generated_ipv6_cidr_block": false,
            "cidr_block": "172.10.0.0/16",
            "default_network_acl_id": "acl-0c89d38593e809b58",
            "default_route_table_id": "rtb-0f97fbd9043d6b327",
            "default_security_group_id": "sg-0895c67fb6c5165df",
            "dhcp_options_id": "dopt-08bdba75e86cc369d",
            "enable_classiclink": false,
            "enable_classiclink_dns_support": false,
            "enable_dns_hostnames": true,
            "enable_dns_support": true,
            "enable_network_address_usage_metrics": false,
            "id": "vpc-0c5d0041a8f0d951a",
            "instance_tenancy": "default",
            "ipv4_ipam_pool_id": null,
            "ipv4_netmask_length": null,
            "ipv6_association_id": "",
            "ipv6_cidr_block": "",
            "ipv6_cidr_block_network_border_group": "",
            "ipv6_ipam_pool_id": "",
            "ipv6_netmask_length": 0,
            "main_route_table_id": "rtb-0f97fbd9043d6b327",
            "owner_id": "730335441282",
            "tags": {},
            "tags_all": {}
          },
          "sensitive_attributes": [],
          "private": "eyJzY2hlbWFfdmVyc2lvbiI6IjEifQ=="
        }
      ]
    },
    {
      "module": "module.ecs_stg",
      "mode": "managed",
      "type": "aws_ecs_cluster",
      "name": "main",
      "provider": "provider[\"registry.terraform.io/hashicorp/aws\"]",
      "instances": [
        {
          "schema_version": 0,
          "attributes": {
            "arn": "arn:aws:ecs:ap-northeast-1:730335441282:cluster/ass-ecs-cluster-staging",
            "capacity_providers": [
              "FARGATE"
            ],
            "configuration": [],
            "default_capacity_provider_strategy": [
              {
                "base": 1,
                "capacity_provider": "FARGATE",
                "weight": 100
              }
            ],
            "id": "arn:aws:ecs:ap-northeast-1:730335441282:cluster/ass-ecs-cluster-staging",
            "name": "ass-ecs-cluster-staging",
            "service_connect_defaults": [],
            "setting": [
              {
                "name": "containerInsights",
                "value": "enabled"
              }
            ],
            "tags": {},
            "tags_all": {}
          },
          "sensitive_attributes": [],
          "private": "bnVsbA=="
        }
      ]
    },
    {
      "module": "module.ecs_stg",
      "mode": "managed",
      "type": "aws_ecs_service",
      "name": "main",
      "provider": "provider[\"registry.terraform.io/hashicorp/aws\"]",
      "instances": [
        {
          "schema_version": 0,
          "attributes": {
            "alarms": [],
            "capacity_provider_strategy": [],
            "cluster": "arn:aws:ecs:ap-northeast-1:730335441282:cluster/ass-ecs-cluster-staging",
            "deployment_circuit_breaker": [
              {
                "enable": false,
                "rollback": false
              }
            ],
            "deployment_controller": [
              {
                "type": "ECS"
              }
            ],
            "deployment_maximum_percent": 200,
            "deployment_minimum_healthy_percent": 100,
            "desired_count": 1,
            "enable_ecs_managed_tags": false,
            "enable_execute_command": true,
            "force_new_deployment": null,
            "health_check_grace_period_seconds": 300,
            "iam_role": "/aws-service-role/ecs.amazonaws.com/AWSServiceRoleForECS",
            "id": "arn:aws:ecs:ap-northeast-1:730335441282:service/ass-ecs-cluster-staging/ass-staging",
            "launch_type": "FARGATE",
            "load_balancer": [
              {
                "container_name": "nginx",
                "container_port": 80,
                "elb_name": "",
                "target_group_arn": "arn:aws:elasticloadbalancing:ap-northeast-1:730335441282:targetgroup/ass-target-staging/d291ed2d262aadf2"
              }
            ],
            "name": "ass-staging",
            "network_configuration": [
              {
                "assign_public_ip": false,
                "security_groups": [
                  "sg-0c44c8c5e3a3c8ebc"
                ],
                "subnets": [
                  "subnet-0826e1fb155eaba13",
                  "subnet-0f7f3554ea0917408"
                ]
              }
            ],
            "ordered_placement_strategy": [],
            "placement_constraints": [],
            "platform_version": "LATEST",
            "propagate_tags": "NONE",
            "scheduling_strategy": "REPLICA",
            "service_connect_configuration": [],
            "service_registries": [],
            "tags": {},
            "tags_all": {},
            "task_definition": "arn:aws:ecs:ap-northeast-1:730335441282:task-definition/ass-task-def-staging:38",
            "timeouts": null,
            "triggers": {},
            "wait_for_steady_state": false
          },
          "sensitive_attributes": [],
          "private": "eyJlMmJmYjczMC1lY2FhLTExZTYtOGY4OC0zNDM2M2JjN2M0YzAiOnsiY3JlYXRlIjoxMjAwMDAwMDAwMDAwLCJkZWxldGUiOjEyMDAwMDAwMDAwMDAsInVwZGF0ZSI6MTIwMDAwMDAwMDAwMH19",
          "dependencies": [
            "data.aws_ssm_parameter.rails_master_key",
            "module.alb_stg.aws_lb.main",
            "module.alb_stg.aws_lb_target_group.main",
            "module.alb_stg.aws_s3_bucket.alb_log_stg",
            "module.alb_stg.module.http_redirect_security_group.aws_security_group.main",
            "module.alb_stg.module.http_security_group.aws_security_group.main",
            "module.alb_stg.module.https_security_group.aws_security_group.main",
            "module.ass_rds_stg.aws_db_instance.main",
            "module.ass_rds_stg.aws_db_option_group.main",
            "module.ass_rds_stg.aws_db_parameter_group.main",
            "module.ass_rds_stg.aws_db_subnet_group.main",
            "module.ass_rds_stg.aws_ssm_parameter.db_endpoint",
            "module.ass_rds_stg.aws_ssm_parameter.db_name",
            "module.ass_rds_stg.aws_ssm_parameter.db_password",
            "module.ass_rds_stg.aws_ssm_parameter.db_port",
            "module.ass_rds_stg.aws_ssm_parameter.db_username",
            "module.ass_rds_stg.aws_ssm_parameter.host",
            "module.ass_rds_stg.module.rds_security_group.aws_security_group.main",
            "module.ass_rds_stg.random_password.rds",
            "module.ass_sbunet_stg.aws_subnet.private-subnet",
            "module.ass_sbunet_stg.aws_subnet.public-subnet",
            "module.ass_vpc_stg.aws_vpc.main",
            "module.ecs_stg.aws_ecs_cluster.main",
            "module.ecs_stg.aws_ecs_task_definition.main",
            "module.ecs_stg.module.ecs_task_execution_role.aws_iam_role.main",
            "module.ecs_stg.module.ecs_task_execution_role.data.aws_iam_policy_document.assume_role",
            "module.ecs_stg.module.nginx_security_group.aws_security_group.main",
            "module.nginx_ecr_stg.aws_ecr_repository.main",
            "module.rails_ecr_stg.aws_ecr_repository.main"
          ]
        }
      ]
    },
    {
      "module": "module.ecs_stg",
      "mode": "managed",
      "type": "aws_ecs_task_definition",
      "name": "main",
      "provider": "provider[\"registry.terraform.io/hashicorp/aws\"]",
      "instances": [
        {
          "schema_version": 1,
          "attributes": {
            "arn": "arn:aws:ecs:ap-northeast-1:730335441282:task-definition/ass-task-def-staging:38",
            "arn_without_revision": "arn:aws:ecs:ap-northeast-1:730335441282:task-definition/ass-task-def-staging",
            "container_definitions": "[{\"command\":[\"/usr/bin/entrypoint.sh\"],\"cpu\":0,\"entryPoint\":[\"sh\",\"-c\",\"while true; do sleep 60; done\"],\"environment\":[{\"name\":\"RAILS_ENV\",\"value\":\"staging\"},{\"name\":\"RAILS_LOG_TO_STDOUT\",\"value\":\"true\"},{\"name\":\"RAILS_SERVE_STATIC_FILES\",\"value\":\"true\"}],\"essential\":true,\"healthCheck\":{\"command\":[\"CMD-SHELL\",\"curl localhost:3000/api/v1/health_check\",\"\\\"|| exit 1\\\"\"],\"interval\":5,\"retries\":10,\"startPeriod\":30,\"timeout\":30},\"image\":\"730335441282.dkr.ecr.ap-northeast-1.amazonaws.com/ass-rails-ecr-staging:stg\",\"logConfiguration\":{\"logDriver\":\"awslogs\",\"options\":{\"awslogs-create-group\":\"true\",\"awslogs-group\":\"/ecs/ass-staging\",\"awslogs-region\":\"ap-northeast-1\",\"awslogs-stream-prefix\":\"ecs/ass-staging\"}},\"memoryReservation\":512,\"mountPoints\":[{\"containerPath\":\"/app/tmp\",\"sourceVolume\":\"tmp\"}],\"name\":\"rails\",\"portMappings\":[{\"containerPort\":3000,\"hostPort\":3000,\"protocol\":\"tcp\"}],\"secrets\":[{\"name\":\"DB_HOST\",\"valueFrom\":\"/ass-staging/db/host\"},{\"name\":\"DB_PASSWORD\",\"valueFrom\":\"/ass-staging/db/password\"},{\"name\":\"DB_USERNAME\",\"valueFrom\":\"/ass-staging/db/username\"},{\"name\":\"RAILS_MASTER_KEY\",\"valueFrom\":\"/ass-staging/rails-master-key\"},{\"name\":\"DB_ENDPOINT\",\"valueFrom\":\"/ass-staging/db/endpoint\"},{\"name\":\"DB_NAME\",\"valueFrom\":\"/ass-staging/db/name\"}],\"systemControls\":[],\"volumesFrom\":[]},{\"cpu\":0,\"dependsOn\":[{\"condition\":\"HEALTHY\",\"containerName\":\"rails\"}],\"environment\":[],\"essential\":true,\"healthCheck\":{\"command\":[\"CMD-SHELL\",\"curl -f http://localhost/\",\"\\\"|| exit 1\\\"\"],\"interval\":30,\"retries\":3,\"timeout\":5},\"image\":\"730335441282.dkr.ecr.ap-northeast-1.amazonaws.com/ass-nginx-ecr-staging:stg\",\"logConfiguration\":{\"logDriver\":\"awslogs\",\"options\":{\"awslogs-group\":\"/ecs/ass-staging\",\"awslogs-region\":\"ap-northeast-1\",\"awslogs-stream-prefix\":\"ecs/ass-staging\"}},\"mountPoints\":[],\"name\":\"nginx\",\"portMappings\":[{\"containerPort\":80,\"hostPort\":80,\"protocol\":\"tcp\"}],\"systemControls\":[],\"volumesFrom\":[]}]",
            "cpu": "256",
            "ephemeral_storage": [],
            "execution_role_arn": "arn:aws:iam::730335441282:role/ass-ecs-task-execution",
            "family": "ass-task-def-staging",
            "id": "ass-task-def-staging",
            "inference_accelerator": [],
            "ipc_mode": "",
            "memory": "512",
            "network_mode": "awsvpc",
            "pid_mode": "",
            "placement_constraints": [],
            "proxy_configuration": [],
            "requires_compatibilities": [
              "FARGATE"
            ],
            "revision": 38,
            "runtime_platform": [],
            "skip_destroy": false,
            "tags": {},
            "tags_all": {},
            "task_role_arn": "arn:aws:iam::730335441282:role/ass-ecs-task-execution",
            "volume": [
              {
                "docker_volume_configuration": [],
                "efs_volume_configuration": [],
                "fsx_windows_file_server_volume_configuration": [],
                "host_path": "",
                "name": "tmp"
              }
            ]
          },
          "sensitive_attributes": [],
          "private": "eyJzY2hlbWFfdmVyc2lvbiI6IjEifQ==",
          "dependencies": [
            "data.aws_ssm_parameter.rails_master_key",
            "module.ass_rds_stg.aws_db_instance.main",
            "module.ass_rds_stg.aws_db_option_group.main",
            "module.ass_rds_stg.aws_db_parameter_group.main",
            "module.ass_rds_stg.aws_db_subnet_group.main",
            "module.ass_rds_stg.aws_ssm_parameter.db_endpoint",
            "module.ass_rds_stg.aws_ssm_parameter.db_name",
            "module.ass_rds_stg.aws_ssm_parameter.db_password",
            "module.ass_rds_stg.aws_ssm_parameter.db_port",
            "module.ass_rds_stg.aws_ssm_parameter.db_username",
            "module.ass_rds_stg.aws_ssm_parameter.host",
            "module.ass_rds_stg.module.rds_security_group.aws_security_group.main",
            "module.ass_rds_stg.random_password.rds",
            "module.ass_sbunet_stg.aws_subnet.private-subnet",
            "module.ass_sbunet_stg.aws_subnet.public-subnet",
            "module.ass_vpc_stg.aws_vpc.main",
            "module.ecs_stg.module.ecs_task_execution_role.aws_iam_role.main",
            "module.ecs_stg.module.ecs_task_execution_role.data.aws_iam_policy_document.assume_role",
            "module.nginx_ecr_stg.aws_ecr_repository.main",
            "module.rails_ecr_stg.aws_ecr_repository.main"
          ]
        }
      ]
    },
    {
      "module": "module.ecs_stg.module.ecs_task_execution_role",
      "mode": "managed",
      "type": "aws_iam_role",
      "name": "main",
      "provider": "provider[\"registry.terraform.io/hashicorp/aws\"]",
      "instances": [
        {
          "schema_version": 0,
          "attributes": {
            "arn": "arn:aws:iam::730335441282:role/ass-ecs-task-execution",
            "assume_role_policy": "{\"Statement\":[{\"Action\":\"sts:AssumeRole\",\"Effect\":\"Allow\",\"Principal\":{\"Service\":\"ecs-tasks.amazonaws.com\"},\"Sid\":\"\"}],\"Version\":\"2012-10-17\"}",
            "create_date": "2024-07-21T07:30:10Z",
            "description": "",
            "force_detach_policies": false,
            "id": "ass-ecs-task-execution",
            "inline_policy": [],
            "managed_policy_arns": [
              "arn:aws:iam::730335441282:policy/ass-ecs-task-execution"
            ],
            "max_session_duration": 3600,
            "name": "ass-ecs-task-execution",
            "name_prefix": "",
            "path": "/",
            "permissions_boundary": null,
            "role_last_used": [
              {
                "last_used_date": "",
                "region": ""
              }
            ],
            "tags": {},
            "tags_all": {},
            "unique_id": "AROA2UC3COGBDS7WWBBEX"
          },
          "sensitive_attributes": [],
          "private": "bnVsbA==",
          "dependencies": [
            "module.ecs_stg.module.ecs_task_execution_role.data.aws_iam_policy_document.assume_role"
          ]
        }
      ]
    },
    {
      "module": "module.ecs_stg.module.nginx_security_group",
      "mode": "managed",
      "type": "aws_security_group",
      "name": "main",
      "provider": "provider[\"registry.terraform.io/hashicorp/aws\"]",
      "instances": [
        {
          "schema_version": 1,
          "attributes": {
            "arn": "arn:aws:ec2:ap-northeast-1:730335441282:security-group/sg-0c44c8c5e3a3c8ebc",
            "description": "ass-nginx",
            "egress": [
              {
                "cidr_blocks": [
                  "0.0.0.0/0"
                ],
                "description": "",
                "from_port": 0,
                "ipv6_cidr_blocks": [],
                "prefix_list_ids": [],
                "protocol": "-1",
                "security_groups": [],
                "self": false,
                "to_port": 0
              }
            ],
            "id": "sg-0c44c8c5e3a3c8ebc",
            "ingress": [
              {
                "cidr_blocks": [
                  "172.10.0.0/16"
                ],
                "description": "",
                "from_port": 80,
                "ipv6_cidr_blocks": [],
                "prefix_list_ids": [],
                "protocol": "tcp",
                "security_groups": [],
                "self": false,
                "to_port": 80
              }
            ],
            "name": "ass-nginx",
            "name_prefix": "",
            "owner_id": "730335441282",
            "revoke_rules_on_delete": false,
            "tags": {},
            "tags_all": {},
            "timeouts": null,
            "vpc_id": "vpc-0c5d0041a8f0d951a"
          },
          "sensitive_attributes": [],
          "private": "eyJlMmJmYjczMC1lY2FhLTExZTYtOGY4OC0zNDM2M2JjN2M0YzAiOnsiY3JlYXRlIjo2MDAwMDAwMDAwMDAsImRlbGV0ZSI6OTAwMDAwMDAwMDAwfSwic2NoZW1hX3ZlcnNpb24iOiIxIn0=",
          "dependencies": [
            "module.ass_vpc_stg.aws_vpc.main"
          ]
        }
      ]
    },
    {
      "module": "module.natgateway_start_func",
      "mode": "managed",
      "type": "aws_lambda_function",
      "name": "main",
      "provider": "provider[\"registry.terraform.io/hashicorp/aws\"]",
      "instances": [
        {
          "schema_version": 0,
          "attributes": {
            "architectures": [
              "x86_64"
            ],
            "arn": "arn:aws:lambda:ap-northeast-1:730335441282:function:ass-natgw-start-func-staging",
            "code_signing_config_arn": "",
            "dead_letter_config": [],
            "description": "",
            "environment": [
              {
                "variables": {
                  "EipId1": "eipalloc-01d3dd4400656c794",
                  "EipId2": "eipalloc-05740cb0de78cbfb1",
                  "NatGatewayName1": "ass-Nat-GW-staging-1",
                  "NatGatewayName2": "ass-Nat-GW-staging-2",
                  "RouteTableId1": "rtb-0633fc4570094241c",
                  "RouteTableId2": "rtb-07fc5588aec7ac7b0",
                  "SubnetId1": "subnet-02e9079cab760dce6",
                  "SubnetId2": "subnet-0eb57e4fa39609973"
                }
              }
            ],
            "ephemeral_storage": [
              {
                "size": 512
              }
            ],
            "file_system_config": [],
            "filename": "lambda/natgw_start/src/test_terraform.zip",
            "function_name": "ass-natgw-start-func-staging",
            "handler": "main.handler",
            "id": "ass-natgw-start-func-staging",
            "image_config": [],
            "image_uri": "",
            "invoke_arn": "arn:aws:apigateway:ap-northeast-1:lambda:path/2015-03-31/functions/arn:aws:lambda:ap-northeast-1:730335441282:function:ass-natgw-start-func-staging/invocations",
            "kms_key_arn": "",
            "last_modified": "2024-07-08T12:42:50.000+0000",
            "layers": [],
            "memory_size": 128,
            "package_type": "Zip",
            "publish": false,
            "qualified_arn": "arn:aws:lambda:ap-northeast-1:730335441282:function:ass-natgw-start-func-staging:$LATEST",
            "qualified_invoke_arn": "arn:aws:apigateway:ap-northeast-1:lambda:path/2015-03-31/functions/arn:aws:lambda:ap-northeast-1:730335441282:function:ass-natgw-start-func-staging:$LATEST/invocations",
            "replace_security_groups_on_destroy": null,
            "replacement_security_group_ids": null,
            "reserved_concurrent_executions": -1,
            "role": "arn:aws:iam::730335441282:role/ass-lambda-role",
            "runtime": "python3.9",
            "s3_bucket": null,
            "s3_key": null,
            "s3_object_version": null,
            "signing_job_arn": "",
            "signing_profile_version_arn": "",
            "skip_destroy": false,
            "snap_start": [],
            "source_code_hash": "fz/VewRqqWMQsOdQyIpjR/34pj85z2/VQzcitD90UGs=",
            "source_code_size": 884,
            "tags": {},
            "tags_all": {},
            "timeout": 300,
            "timeouts": null,
            "tracing_config": [
              {
                "mode": "PassThrough"
              }
            ],
            "version": "$LATEST",
            "vpc_config": []
          },
          "sensitive_attributes": [],
          "private": "eyJlMmJmYjczMC1lY2FhLTExZTYtOGY4OC0zNDM2M2JjN2M0YzAiOnsiY3JlYXRlIjo2MDAwMDAwMDAwMDAsImRlbGV0ZSI6NjAwMDAwMDAwMDAwLCJ1cGRhdGUiOjYwMDAwMDAwMDAwMH19",
          "dependencies": [
            "aws_iam_role.lambda_role",
            "data.archive_file.natgw_start",
            "module.ass_sbunet_stg.aws_eip.main",
            "module.ass_sbunet_stg.aws_route_table.private",
            "module.ass_sbunet_stg.aws_subnet.public-subnet",
            "module.ass_vpc_stg.aws_vpc.main"
          ]
        }
      ]
    },
    {
      "module": "module.natgateway_stop_func",
      "mode": "managed",
      "type": "aws_lambda_function",
      "name": "main",
      "provider": "provider[\"registry.terraform.io/hashicorp/aws\"]",
      "instances": [
        {
          "schema_version": 0,
          "attributes": {
            "architectures": [
              "x86_64"
            ],
            "arn": "arn:aws:lambda:ap-northeast-1:730335441282:function:ass-natgw-stop-func-staging",
            "code_signing_config_arn": "",
            "dead_letter_config": [],
            "description": "",
            "environment": [
              {
                "variables": {
                  "NatGatewayName1": "ass-Nat-GW-staging-1",
                  "NatGatewayName2": "ass-Nat-GW-staging-2",
                  "RouteTableId1": "rtb-0633fc4570094241c",
                  "RouteTableId2": "rtb-07fc5588aec7ac7b0",
                  "SubnetId1": "subnet-02e9079cab760dce6",
                  "SubnetId2": "subnet-0eb57e4fa39609973"
                }
              }
            ],
            "ephemeral_storage": [
              {
                "size": 512
              }
            ],
            "file_system_config": [],
            "filename": "lambda/natgw_stop/src/natgw_stop_terraform.zip",
            "function_name": "ass-natgw-stop-func-staging",
            "handler": "main.handler",
            "id": "ass-natgw-stop-func-staging",
            "image_config": [],
            "image_uri": "",
            "invoke_arn": "arn:aws:apigateway:ap-northeast-1:lambda:path/2015-03-31/functions/arn:aws:lambda:ap-northeast-1:730335441282:function:ass-natgw-stop-func-staging/invocations",
            "kms_key_arn": "",
            "last_modified": "2024-07-08T12:42:50.000+0000",
            "layers": [],
            "memory_size": 128,
            "package_type": "Zip",
            "publish": false,
            "qualified_arn": "arn:aws:lambda:ap-northeast-1:730335441282:function:ass-natgw-stop-func-staging:$LATEST",
            "qualified_invoke_arn": "arn:aws:apigateway:ap-northeast-1:lambda:path/2015-03-31/functions/arn:aws:lambda:ap-northeast-1:730335441282:function:ass-natgw-stop-func-staging:$LATEST/invocations",
            "replace_security_groups_on_destroy": null,
            "replacement_security_group_ids": null,
            "reserved_concurrent_executions": -1,
            "role": "arn:aws:iam::730335441282:role/ass-lambda-role",
            "runtime": "python3.9",
            "s3_bucket": null,
            "s3_key": null,
            "s3_object_version": null,
            "signing_job_arn": "",
            "signing_profile_version_arn": "",
            "skip_destroy": false,
            "snap_start": [],
            "source_code_hash": "TSuHewOz/sIUUzMghZPB4g6rBLFpRD+B4zq7i8ai5sY=",
            "source_code_size": 769,
            "tags": {},
            "tags_all": {},
            "timeout": 300,
            "timeouts": null,
            "tracing_config": [
              {
                "mode": "PassThrough"
              }
            ],
            "version": "$LATEST",
            "vpc_config": []
          },
          "sensitive_attributes": [],
          "private": "eyJlMmJmYjczMC1lY2FhLTExZTYtOGY4OC0zNDM2M2JjN2M0YzAiOnsiY3JlYXRlIjo2MDAwMDAwMDAwMDAsImRlbGV0ZSI6NjAwMDAwMDAwMDAwLCJ1cGRhdGUiOjYwMDAwMDAwMDAwMH19",
          "dependencies": [
            "aws_iam_role.lambda_role",
            "data.archive_file.natgw_stop",
            "module.ass_sbunet_stg.aws_route_table.private",
            "module.ass_sbunet_stg.aws_subnet.public-subnet",
            "module.ass_vpc_stg.aws_vpc.main"
          ]
        }
      ]
    },
    {
      "module": "module.nginx_ecr_stg",
      "mode": "managed",
      "type": "aws_ecr_lifecycle_policy",
      "name": "main",
      "provider": "provider[\"registry.terraform.io/hashicorp/aws\"]",
      "instances": [
        {
          "schema_version": 0,
          "attributes": {
            "id": "ass-nginx-ecr-staging",
            "policy": "{\"rules\":[{\"action\":{\"type\":\"expire\"},\"description\":\"ECR10個まで保持する\",\"rulePriority\":1,\"selection\":{\"countNumber\":10,\"countType\":\"imageCountMoreThan\",\"tagPrefixList\":[\"release\"],\"tagStatus\":\"tagged\"}}]}",
            "registry_id": "730335441282",
            "repository": "ass-nginx-ecr-staging"
          },
          "sensitive_attributes": [],
          "private": "bnVsbA==",
          "dependencies": [
            "module.nginx_ecr_stg.aws_ecr_repository.main"
          ]
        }
      ]
    },
    {
      "module": "module.nginx_ecr_stg",
      "mode": "managed",
      "type": "aws_ecr_repository",
      "name": "main",
      "provider": "provider[\"registry.terraform.io/hashicorp/aws\"]",
      "instances": [
        {
          "schema_version": 0,
          "attributes": {
            "arn": "arn:aws:ecr:ap-northeast-1:730335441282:repository/ass-nginx-ecr-staging",
            "encryption_configuration": [
              {
                "encryption_type": "AES256",
                "kms_key": ""
              }
            ],
            "force_delete": null,
            "id": "ass-nginx-ecr-staging",
            "image_scanning_configuration": [
              {
                "scan_on_push": true
              }
            ],
            "image_tag_mutability": "MUTABLE",
            "name": "ass-nginx-ecr-staging",
            "registry_id": "730335441282",
            "repository_url": "730335441282.dkr.ecr.ap-northeast-1.amazonaws.com/ass-nginx-ecr-staging",
            "tags": {
              "Name": "ass-nginx-ecr-staging"
            },
            "tags_all": {
              "Name": "ass-nginx-ecr-staging"
            },
            "timeouts": null
          },
          "sensitive_attributes": [],
          "private": "eyJlMmJmYjczMC1lY2FhLTExZTYtOGY4OC0zNDM2M2JjN2M0YzAiOnsiZGVsZXRlIjoxMjAwMDAwMDAwMDAwfX0="
        }
      ]
    },
    {
      "module": "module.rails_ecr_stg",
      "mode": "managed",
      "type": "aws_ecr_lifecycle_policy",
      "name": "main",
      "provider": "provider[\"registry.terraform.io/hashicorp/aws\"]",
      "instances": [
        {
          "schema_version": 0,
          "attributes": {
            "id": "ass-rails-ecr-staging",
            "policy": "{\"rules\":[{\"action\":{\"type\":\"expire\"},\"description\":\"ECR10個まで保持する\",\"rulePriority\":1,\"selection\":{\"countNumber\":10,\"countType\":\"imageCountMoreThan\",\"tagPrefixList\":[\"release\"],\"tagStatus\":\"tagged\"}}]}",
            "registry_id": "730335441282",
            "repository": "ass-rails-ecr-staging"
          },
          "sensitive_attributes": [],
          "private": "bnVsbA==",
          "dependencies": [
            "module.rails_ecr_stg.aws_ecr_repository.main"
          ]
        }
      ]
    },
    {
      "module": "module.rails_ecr_stg",
      "mode": "managed",
      "type": "aws_ecr_repository",
      "name": "main",
      "provider": "provider[\"registry.terraform.io/hashicorp/aws\"]",
      "instances": [
        {
          "schema_version": 0,
          "attributes": {
            "arn": "arn:aws:ecr:ap-northeast-1:730335441282:repository/ass-rails-ecr-staging",
            "encryption_configuration": [
              {
                "encryption_type": "AES256",
                "kms_key": ""
              }
            ],
            "force_delete": null,
            "id": "ass-rails-ecr-staging",
            "image_scanning_configuration": [
              {
                "scan_on_push": true
              }
            ],
            "image_tag_mutability": "MUTABLE",
            "name": "ass-rails-ecr-staging",
            "registry_id": "730335441282",
            "repository_url": "730335441282.dkr.ecr.ap-northeast-1.amazonaws.com/ass-rails-ecr-staging",
            "tags": {
              "Name": "ass-rails-ecr-staging"
            },
            "tags_all": {
              "Name": "ass-rails-ecr-staging"
            },
            "timeouts": null
          },
          "sensitive_attributes": [],
          "private": "eyJlMmJmYjczMC1lY2FhLTExZTYtOGY4OC0zNDM2M2JjN2M0YzAiOnsiZGVsZXRlIjoxMjAwMDAwMDAwMDAwfX0="
        }
      ]
    }
  ],
  "check_results": null
}
